// !$*UTF8*$!
{
	archiveVersion = 1;
	classes = {
	};
	objectVersion = 46;
	objects = {

/* Begin PBXBuildFile section */
		7126FFC91A52FE2F0004EADF /* ReceivedSendishViewController.m in Sources */ = {isa = PBXBuildFile; fileRef = 7126FFC71A52FE2F0004EADF /* ReceivedSendishViewController.m */; };
		7126FFCA1A52FE2F0004EADF /* ReceivedSendishViewController.xib in Resources */ = {isa = PBXBuildFile; fileRef = 7126FFC81A52FE2F0004EADF /* ReceivedSendishViewController.xib */; };
		7126FFCF1A52FE530004EADF /* SentSendishViewController.m in Sources */ = {isa = PBXBuildFile; fileRef = 7126FFCD1A52FE530004EADF /* SentSendishViewController.m */; };
		7126FFD01A52FE530004EADF /* SentSendishViewController.xib in Resources */ = {isa = PBXBuildFile; fileRef = 7126FFCE1A52FE530004EADF /* SentSendishViewController.xib */; };
		7126FFD51A5303970004EADF /* TakeSendishViewController.m in Sources */ = {isa = PBXBuildFile; fileRef = 7126FFD31A5303970004EADF /* TakeSendishViewController.m */; };
		7126FFD61A5303970004EADF /* TakeSendishViewController.xib in Resources */ = {isa = PBXBuildFile; fileRef = 7126FFD41A5303970004EADF /* TakeSendishViewController.xib */; };
		7126FFD81A5308A30004EADF /* CoreVideo.framework in Frameworks */ = {isa = PBXBuildFile; fileRef = 7126FFD71A5308A30004EADF /* CoreVideo.framework */; };
		7126FFDA1A5308AC0004EADF /* CoreMedia.framework in Frameworks */ = {isa = PBXBuildFile; fileRef = 7126FFD91A5308AC0004EADF /* CoreMedia.framework */; };
		7126FFDC1A5308B30004EADF /* AVFoundation.framework in Frameworks */ = {isa = PBXBuildFile; fileRef = 7126FFDB1A5308B30004EADF /* AVFoundation.framework */; };
		7126FFDE1A5308BB0004EADF /* ImageIO.framework in Frameworks */ = {isa = PBXBuildFile; fileRef = 7126FFDD1A5308BB0004EADF /* ImageIO.framework */; };
		7126FFE01A5308C10004EADF /* QuartzCore.framework in Frameworks */ = {isa = PBXBuildFile; fileRef = 7126FFDF1A5308C10004EADF /* QuartzCore.framework */; };
		7126FFE91A53161B0004EADF /* ALAssetsLibrary+CustomPhotoAlbum.m in Sources */ = {isa = PBXBuildFile; fileRef = 7126FFE81A53161B0004EADF /* ALAssetsLibrary+CustomPhotoAlbum.m */; };
		7126FFEB1A53184C0004EADF /* AssetsLibrary.framework in Frameworks */ = {isa = PBXBuildFile; fileRef = 7126FFEA1A53184C0004EADF /* AssetsLibrary.framework */; };
		71B48BD31A51AFC600A37FF7 /* main.m in Sources */ = {isa = PBXBuildFile; fileRef = 71B48BD21A51AFC600A37FF7 /* main.m */; };
		71B48BDE1A51AFC600A37FF7 /* Images.xcassets in Resources */ = {isa = PBXBuildFile; fileRef = 71B48BDD1A51AFC600A37FF7 /* Images.xcassets */; };
		71B48BE11A51AFC600A37FF7 /* LaunchScreen.xib in Resources */ = {isa = PBXBuildFile; fileRef = 71B48BDF1A51AFC600A37FF7 /* LaunchScreen.xib */; };
		71B48BED1A51AFC600A37FF7 /* SendishTests.m in Sources */ = {isa = PBXBuildFile; fileRef = 71B48BEC1A51AFC600A37FF7 /* SendishTests.m */; };
		71B48BF91A51B05300A37FF7 /* AppDelegate.m in Sources */ = {isa = PBXBuildFile; fileRef = 71B48BF81A51B05300A37FF7 /* AppDelegate.m */; };
		71B48C021A51B2E300A37FF7 /* RootViewController.m in Sources */ = {isa = PBXBuildFile; fileRef = 71B48C001A51B2E300A37FF7 /* RootViewController.m */; };
		71B48C031A51B2E300A37FF7 /* RootViewController.xib in Resources */ = {isa = PBXBuildFile; fileRef = 71B48C011A51B2E300A37FF7 /* RootViewController.xib */; };
		71B48C081A51B77700A37FF7 /* SignupViewController.m in Sources */ = {isa = PBXBuildFile; fileRef = 71B48C061A51B77700A37FF7 /* SignupViewController.m */; };
		71B48C091A51B77700A37FF7 /* SignupViewController.xib in Resources */ = {isa = PBXBuildFile; fileRef = 71B48C071A51B77700A37FF7 /* SignupViewController.xib */; };
		71B48C0E1A51B85300A37FF7 /* LoginViewController.m in Sources */ = {isa = PBXBuildFile; fileRef = 71B48C0C1A51B85300A37FF7 /* LoginViewController.m */; };
		71B48C0F1A51B85300A37FF7 /* LoginViewController.xib in Resources */ = {isa = PBXBuildFile; fileRef = 71B48C0D1A51B85300A37FF7 /* LoginViewController.xib */; };
		71B48C141A51BADA00A37FF7 /* MainViewController.m in Sources */ = {isa = PBXBuildFile; fileRef = 71B48C121A51BADA00A37FF7 /* MainViewController.m */; };
		71B48C151A51BADA00A37FF7 /* MainViewController.xib in Resources */ = {isa = PBXBuildFile; fileRef = 71B48C131A51BADA00A37FF7 /* MainViewController.xib */; };
		71B48C191A51BD0E00A37FF7 /* NavigationView.m in Sources */ = {isa = PBXBuildFile; fileRef = 71B48C181A51BD0E00A37FF7 /* NavigationView.m */; };
		71B48C1B1A51BD2400A37FF7 /* NavigationView.xib in Resources */ = {isa = PBXBuildFile; fileRef = 71B48C1A1A51BD2400A37FF7 /* NavigationView.xib */; };
/* End PBXBuildFile section */

/* Begin PBXContainerItemProxy section */
		71B48BE71A51AFC600A37FF7 /* PBXContainerItemProxy */ = {
			isa = PBXContainerItemProxy;
			containerPortal = 71B48BC51A51AFC500A37FF7 /* Project object */;
			proxyType = 1;
			remoteGlobalIDString = 71B48BCC1A51AFC500A37FF7;
			remoteInfo = Sendish;
		};
/* End PBXContainerItemProxy section */

/* Begin PBXFileReference section */
		7126FFC61A52FE2F0004EADF /* ReceivedSendishViewController.h */ = {isa = PBXFileReference; fileEncoding = 4; lastKnownFileType = sourcecode.c.h; path = ReceivedSendishViewController.h; sourceTree = "<group>"; };
		7126FFC71A52FE2F0004EADF /* ReceivedSendishViewController.m */ = {isa = PBXFileReference; fileEncoding = 4; lastKnownFileType = sourcecode.c.objc; path = ReceivedSendishViewController.m; sourceTree = "<group>"; };
		7126FFC81A52FE2F0004EADF /* ReceivedSendishViewController.xib */ = {isa = PBXFileReference; fileEncoding = 4; lastKnownFileType = file.xib; path = ReceivedSendishViewController.xib; sourceTree = "<group>"; };
		7126FFCC1A52FE530004EADF /* SentSendishViewController.h */ = {isa = PBXFileReference; fileEncoding = 4; lastKnownFileType = sourcecode.c.h; path = SentSendishViewController.h; sourceTree = "<group>"; };
		7126FFCD1A52FE530004EADF /* SentSendishViewController.m */ = {isa = PBXFileReference; fileEncoding = 4; lastKnownFileType = sourcecode.c.objc; path = SentSendishViewController.m; sourceTree = "<group>"; };
		7126FFCE1A52FE530004EADF /* SentSendishViewController.xib */ = {isa = PBXFileReference; fileEncoding = 4; lastKnownFileType = file.xib; path = SentSendishViewController.xib; sourceTree = "<group>"; };
		7126FFD21A5303970004EADF /* TakeSendishViewController.h */ = {isa = PBXFileReference; fileEncoding = 4; lastKnownFileType = sourcecode.c.h; path = TakeSendishViewController.h; sourceTree = "<group>"; };
		7126FFD31A5303970004EADF /* TakeSendishViewController.m */ = {isa = PBXFileReference; fileEncoding = 4; lastKnownFileType = sourcecode.c.objc; path = TakeSendishViewController.m; sourceTree = "<group>"; };
		7126FFD41A5303970004EADF /* TakeSendishViewController.xib */ = {isa = PBXFileReference; fileEncoding = 4; lastKnownFileType = file.xib; path = TakeSendishViewController.xib; sourceTree = "<group>"; };
		7126FFD71A5308A30004EADF /* CoreVideo.framework */ = {isa = PBXFileReference; lastKnownFileType = wrapper.framework; name = CoreVideo.framework; path = System/Library/Frameworks/CoreVideo.framework; sourceTree = SDKROOT; };
		7126FFD91A5308AC0004EADF /* CoreMedia.framework */ = {isa = PBXFileReference; lastKnownFileType = wrapper.framework; name = CoreMedia.framework; path = System/Library/Frameworks/CoreMedia.framework; sourceTree = SDKROOT; };
		7126FFDB1A5308B30004EADF /* AVFoundation.framework */ = {isa = PBXFileReference; lastKnownFileType = wrapper.framework; name = AVFoundation.framework; path = System/Library/Frameworks/AVFoundation.framework; sourceTree = SDKROOT; };
		7126FFDD1A5308BB0004EADF /* ImageIO.framework */ = {isa = PBXFileReference; lastKnownFileType = wrapper.framework; name = ImageIO.framework; path = System/Library/Frameworks/ImageIO.framework; sourceTree = SDKROOT; };
		7126FFDF1A5308C10004EADF /* QuartzCore.framework */ = {isa = PBXFileReference; lastKnownFileType = wrapper.framework; name = QuartzCore.framework; path = System/Library/Frameworks/QuartzCore.framework; sourceTree = SDKROOT; };
		7126FFE71A53161B0004EADF /* ALAssetsLibrary+CustomPhotoAlbum.h */ = {isa = PBXFileReference; fileEncoding = 4; lastKnownFileType = sourcecode.c.h; path = "ALAssetsLibrary+CustomPhotoAlbum.h"; sourceTree = "<group>"; };
		7126FFE81A53161B0004EADF /* ALAssetsLibrary+CustomPhotoAlbum.m */ = {isa = PBXFileReference; fileEncoding = 4; lastKnownFileType = sourcecode.c.objc; path = "ALAssetsLibrary+CustomPhotoAlbum.m"; sourceTree = "<group>"; };
		7126FFEA1A53184C0004EADF /* AssetsLibrary.framework */ = {isa = PBXFileReference; lastKnownFileType = wrapper.framework; name = AssetsLibrary.framework; path = System/Library/Frameworks/AssetsLibrary.framework; sourceTree = SDKROOT; };
		71B48BCD1A51AFC600A37FF7 /* Sendish.app */ = {isa = PBXFileReference; explicitFileType = wrapper.application; includeInIndex = 0; path = Sendish.app; sourceTree = BUILT_PRODUCTS_DIR; };
		71B48BD11A51AFC600A37FF7 /* Info.plist */ = {isa = PBXFileReference; lastKnownFileType = text.plist.xml; path = Info.plist; sourceTree = "<group>"; };
		71B48BD21A51AFC600A37FF7 /* main.m */ = {isa = PBXFileReference; lastKnownFileType = sourcecode.c.objc; path = main.m; sourceTree = "<group>"; };
		71B48BDD1A51AFC600A37FF7 /* Images.xcassets */ = {isa = PBXFileReference; lastKnownFileType = folder.assetcatalog; path = Images.xcassets; sourceTree = "<group>"; };
		71B48BE01A51AFC600A37FF7 /* Base */ = {isa = PBXFileReference; lastKnownFileType = file.xib; name = Base; path = Base.lproj/LaunchScreen.xib; sourceTree = "<group>"; };
		71B48BE61A51AFC600A37FF7 /* SendishTests.xctest */ = {isa = PBXFileReference; explicitFileType = wrapper.cfbundle; includeInIndex = 0; path = SendishTests.xctest; sourceTree = BUILT_PRODUCTS_DIR; };
		71B48BEB1A51AFC600A37FF7 /* Info.plist */ = {isa = PBXFileReference; lastKnownFileType = text.plist.xml; path = Info.plist; sourceTree = "<group>"; };
		71B48BEC1A51AFC600A37FF7 /* SendishTests.m */ = {isa = PBXFileReference; lastKnownFileType = sourcecode.c.objc; path = SendishTests.m; sourceTree = "<group>"; };
		71B48BF71A51B05300A37FF7 /* AppDelegate.h */ = {isa = PBXFileReference; fileEncoding = 4; lastKnownFileType = sourcecode.c.h; path = AppDelegate.h; sourceTree = "<group>"; };
		71B48BF81A51B05300A37FF7 /* AppDelegate.m */ = {isa = PBXFileReference; fileEncoding = 4; lastKnownFileType = sourcecode.c.objc; path = AppDelegate.m; sourceTree = "<group>"; };
		71B48BFF1A51B2E300A37FF7 /* RootViewController.h */ = {isa = PBXFileReference; fileEncoding = 4; lastKnownFileType = sourcecode.c.h; path = RootViewController.h; sourceTree = "<group>"; };
		71B48C001A51B2E300A37FF7 /* RootViewController.m */ = {isa = PBXFileReference; fileEncoding = 4; lastKnownFileType = sourcecode.c.objc; path = RootViewController.m; sourceTree = "<group>"; };
		71B48C011A51B2E300A37FF7 /* RootViewController.xib */ = {isa = PBXFileReference; fileEncoding = 4; lastKnownFileType = file.xib; path = RootViewController.xib; sourceTree = "<group>"; };
		71B48C051A51B77700A37FF7 /* SignupViewController.h */ = {isa = PBXFileReference; fileEncoding = 4; lastKnownFileType = sourcecode.c.h; path = SignupViewController.h; sourceTree = "<group>"; };
		71B48C061A51B77700A37FF7 /* SignupViewController.m */ = {isa = PBXFileReference; fileEncoding = 4; lastKnownFileType = sourcecode.c.objc; path = SignupViewController.m; sourceTree = "<group>"; };
		71B48C071A51B77700A37FF7 /* SignupViewController.xib */ = {isa = PBXFileReference; fileEncoding = 4; lastKnownFileType = file.xib; path = SignupViewController.xib; sourceTree = "<group>"; };
		71B48C0B1A51B85300A37FF7 /* LoginViewController.h */ = {isa = PBXFileReference; fileEncoding = 4; lastKnownFileType = sourcecode.c.h; path = LoginViewController.h; sourceTree = "<group>"; };
		71B48C0C1A51B85300A37FF7 /* LoginViewController.m */ = {isa = PBXFileReference; fileEncoding = 4; lastKnownFileType = sourcecode.c.objc; path = LoginViewController.m; sourceTree = "<group>"; };
		71B48C0D1A51B85300A37FF7 /* LoginViewController.xib */ = {isa = PBXFileReference; fileEncoding = 4; lastKnownFileType = file.xib; path = LoginViewController.xib; sourceTree = "<group>"; };
		71B48C111A51BADA00A37FF7 /* MainViewController.h */ = {isa = PBXFileReference; fileEncoding = 4; lastKnownFileType = sourcecode.c.h; path = MainViewController.h; sourceTree = "<group>"; };
		71B48C121A51BADA00A37FF7 /* MainViewController.m */ = {isa = PBXFileReference; fileEncoding = 4; lastKnownFileType = sourcecode.c.objc; path = MainViewController.m; sourceTree = "<group>"; };
		71B48C131A51BADA00A37FF7 /* MainViewController.xib */ = {isa = PBXFileReference; fileEncoding = 4; lastKnownFileType = file.xib; path = MainViewController.xib; sourceTree = "<group>"; };
		71B48C171A51BD0E00A37FF7 /* NavigationView.h */ = {isa = PBXFileReference; fileEncoding = 4; lastKnownFileType = sourcecode.c.h; path = NavigationView.h; sourceTree = "<group>"; };
		71B48C181A51BD0E00A37FF7 /* NavigationView.m */ = {isa = PBXFileReference; fileEncoding = 4; lastKnownFileType = sourcecode.c.objc; path = NavigationView.m; sourceTree = "<group>"; };
		71B48C1A1A51BD2400A37FF7 /* NavigationView.xib */ = {isa = PBXFileReference; fileEncoding = 4; lastKnownFileType = file.xib; path = NavigationView.xib; sourceTree = "<group>"; };
/* End PBXFileReference section */

/* Begin PBXFrameworksBuildPhase section */
		71B48BCA1A51AFC500A37FF7 /* Frameworks */ = {
			isa = PBXFrameworksBuildPhase;
			buildActionMask = 2147483647;
			files = (
				7126FFEB1A53184C0004EADF /* AssetsLibrary.framework in Frameworks */,
				7126FFE01A5308C10004EADF /* QuartzCore.framework in Frameworks */,
				7126FFDE1A5308BB0004EADF /* ImageIO.framework in Frameworks */,
				7126FFDC1A5308B30004EADF /* AVFoundation.framework in Frameworks */,
				7126FFDA1A5308AC0004EADF /* CoreMedia.framework in Frameworks */,
				7126FFD81A5308A30004EADF /* CoreVideo.framework in Frameworks */,
			);
			runOnlyForDeploymentPostprocessing = 0;
		};
		71B48BE31A51AFC600A37FF7 /* Frameworks */ = {
			isa = PBXFrameworksBuildPhase;
			buildActionMask = 2147483647;
			files = (
			);
			runOnlyForDeploymentPostprocessing = 0;
		};
/* End PBXFrameworksBuildPhase section */

/* Begin PBXGroup section */
		7126FFC51A52FCDE0004EADF /* Received Sendish Controller */ = {
			isa = PBXGroup;
			children = (
				7126FFC61A52FE2F0004EADF /* ReceivedSendishViewController.h */,
				7126FFC71A52FE2F0004EADF /* ReceivedSendishViewController.m */,
				7126FFC81A52FE2F0004EADF /* ReceivedSendishViewController.xib */,
			);
			path = "Received Sendish Controller";
			sourceTree = "<group>";
		};
		7126FFCB1A52FE470004EADF /* Sent Sendish Controller */ = {
			isa = PBXGroup;
			children = (
				7126FFCC1A52FE530004EADF /* SentSendishViewController.h */,
				7126FFCD1A52FE530004EADF /* SentSendishViewController.m */,
				7126FFCE1A52FE530004EADF /* SentSendishViewController.xib */,
			);
			path = "Sent Sendish Controller";
			sourceTree = "<group>";
		};
		7126FFD11A5303850004EADF /* Take Sendish Controller */ = {
			isa = PBXGroup;
			children = (
				7126FFD21A5303970004EADF /* TakeSendishViewController.h */,
				7126FFD31A5303970004EADF /* TakeSendishViewController.m */,
				7126FFD41A5303970004EADF /* TakeSendishViewController.xib */,
			);
			path = "Take Sendish Controller";
			sourceTree = "<group>";
		};
		7126FFE11A5315FF0004EADF /* Third Library */ = {
			isa = PBXGroup;
			children = (
				7126FFE61A53161B0004EADF /* ALAssetsLibrary_CustomPhotoAlbum */,
			);
			path = "Third Library";
			sourceTree = "<group>";
		};
		7126FFE61A53161B0004EADF /* ALAssetsLibrary_CustomPhotoAlbum */ = {
			isa = PBXGroup;
			children = (
				7126FFE71A53161B0004EADF /* ALAssetsLibrary+CustomPhotoAlbum.h */,
				7126FFE81A53161B0004EADF /* ALAssetsLibrary+CustomPhotoAlbum.m */,
			);
			path = ALAssetsLibrary_CustomPhotoAlbum;
			sourceTree = "<group>";
		};
		71B48BC41A51AFC500A37FF7 = {
			isa = PBXGroup;
			children = (
				7126FFEA1A53184C0004EADF /* AssetsLibrary.framework */,
				7126FFDF1A5308C10004EADF /* QuartzCore.framework */,
				7126FFDD1A5308BB0004EADF /* ImageIO.framework */,
				7126FFDB1A5308B30004EADF /* AVFoundation.framework */,
				7126FFD91A5308AC0004EADF /* CoreMedia.framework */,
				7126FFD71A5308A30004EADF /* CoreVideo.framework */,
				71B48BCF1A51AFC600A37FF7 /* Sendish */,
				71B48BE91A51AFC600A37FF7 /* SendishTests */,
				71B48BCE1A51AFC600A37FF7 /* Products */,
			);
			sourceTree = "<group>";
		};
		71B48BCE1A51AFC600A37FF7 /* Products */ = {
			isa = PBXGroup;
			children = (
				71B48BCD1A51AFC600A37FF7 /* Sendish.app */,
				71B48BE61A51AFC600A37FF7 /* SendishTests.xctest */,
			);
			name = Products;
			sourceTree = "<group>";
		};
		71B48BCF1A51AFC600A37FF7 /* Sendish */ = {
			isa = PBXGroup;
			children = (
				7126FFE11A5315FF0004EADF /* Third Library */,
				71B48BFA1A51B16900A37FF7 /* MVC */,
				71B48BF61A51B04200A37FF7 /* App Delegate */,
				71B48BDD1A51AFC600A37FF7 /* Images.xcassets */,
				71B48BDF1A51AFC600A37FF7 /* LaunchScreen.xib */,
				71B48BD01A51AFC600A37FF7 /* Supporting Files */,
			);
			path = Sendish;
			sourceTree = "<group>";
		};
		71B48BD01A51AFC600A37FF7 /* Supporting Files */ = {
			isa = PBXGroup;
			children = (
				71B48BD11A51AFC600A37FF7 /* Info.plist */,
				71B48BD21A51AFC600A37FF7 /* main.m */,
			);
			name = "Supporting Files";
			sourceTree = "<group>";
		};
		71B48BE91A51AFC600A37FF7 /* SendishTests */ = {
			isa = PBXGroup;
			children = (
				71B48BEC1A51AFC600A37FF7 /* SendishTests.m */,
				71B48BEA1A51AFC600A37FF7 /* Supporting Files */,
			);
			path = SendishTests;
			sourceTree = "<group>";
		};
		71B48BEA1A51AFC600A37FF7 /* Supporting Files */ = {
			isa = PBXGroup;
			children = (
				71B48BEB1A51AFC600A37FF7 /* Info.plist */,
			);
			name = "Supporting Files";
			sourceTree = "<group>";
		};
		71B48BF61A51B04200A37FF7 /* App Delegate */ = {
			isa = PBXGroup;
			children = (
				71B48BF71A51B05300A37FF7 /* AppDelegate.h */,
				71B48BF81A51B05300A37FF7 /* AppDelegate.m */,
			);
			path = "App Delegate";
			sourceTree = "<group>";
		};
		71B48BFA1A51B16900A37FF7 /* MVC */ = {
			isa = PBXGroup;
			children = (
				71B48BFB1A51B18C00A37FF7 /* Modals */,
				71B48BFC1A51B19500A37FF7 /* Views */,
				71B48BFD1A51B1A100A37FF7 /* Controllers */,
			);
			path = MVC;
			sourceTree = "<group>";
		};
		71B48BFB1A51B18C00A37FF7 /* Modals */ = {
			isa = PBXGroup;
			children = (
			);
			path = Modals;
			sourceTree = "<group>";
		};
		71B48BFC1A51B19500A37FF7 /* Views */ = {
			isa = PBXGroup;
			children = (
				71B48C161A51BB1100A37FF7 /* Navigation View */,
			);
			path = Views;
			sourceTree = "<group>";
		};
		71B48BFD1A51B1A100A37FF7 /* Controllers */ = {
			isa = PBXGroup;
			children = (
				7126FFD11A5303850004EADF /* Take Sendish Controller */,
				7126FFCB1A52FE470004EADF /* Sent Sendish Controller */,
				7126FFC51A52FCDE0004EADF /* Received Sendish Controller */,
				71B48C101A51BA9C00A37FF7 /* Main Controller */,
				71B48C0A1A51B7A700A37FF7 /* Login Controller */,
				71B48C041A51B6FB00A37FF7 /* Signup Controller */,
				71B48BFE1A51B2CF00A37FF7 /* Root Controller */,
			);
			path = Controllers;
			sourceTree = "<group>";
		};
		71B48BFE1A51B2CF00A37FF7 /* Root Controller */ = {
			isa = PBXGroup;
			children = (
				71B48BFF1A51B2E300A37FF7 /* RootViewController.h */,
				71B48C001A51B2E300A37FF7 /* RootViewController.m */,
				71B48C011A51B2E300A37FF7 /* RootViewController.xib */,
			);
			path = "Root Controller";
			sourceTree = "<group>";
		};
		71B48C041A51B6FB00A37FF7 /* Signup Controller */ = {
			isa = PBXGroup;
			children = (
				71B48C051A51B77700A37FF7 /* SignupViewController.h */,
				71B48C061A51B77700A37FF7 /* SignupViewController.m */,
				71B48C071A51B77700A37FF7 /* SignupViewController.xib */,
			);
			path = "Signup Controller";
			sourceTree = "<group>";
		};
		71B48C0A1A51B7A700A37FF7 /* Login Controller */ = {
			isa = PBXGroup;
			children = (
				71B48C0B1A51B85300A37FF7 /* LoginViewController.h */,
				71B48C0C1A51B85300A37FF7 /* LoginViewController.m */,
				71B48C0D1A51B85300A37FF7 /* LoginViewController.xib */,
			);
			path = "Login Controller";
			sourceTree = "<group>";
		};
		71B48C101A51BA9C00A37FF7 /* Main Controller */ = {
			isa = PBXGroup;
			children = (
				71B48C111A51BADA00A37FF7 /* MainViewController.h */,
				71B48C121A51BADA00A37FF7 /* MainViewController.m */,
				71B48C131A51BADA00A37FF7 /* MainViewController.xib */,
			);
			path = "Main Controller";
			sourceTree = "<group>";
		};
		71B48C161A51BB1100A37FF7 /* Navigation View */ = {
			isa = PBXGroup;
			children = (
				71B48C171A51BD0E00A37FF7 /* NavigationView.h */,
				71B48C181A51BD0E00A37FF7 /* NavigationView.m */,
				71B48C1A1A51BD2400A37FF7 /* NavigationView.xib */,
			);
			path = "Navigation View";
			sourceTree = "<group>";
		};
/* End PBXGroup section */

/* Begin PBXNativeTarget section */
		71B48BCC1A51AFC500A37FF7 /* Sendish */ = {
			isa = PBXNativeTarget;
			buildConfigurationList = 71B48BF01A51AFC600A37FF7 /* Build configuration list for PBXNativeTarget "Sendish" */;
			buildPhases = (
				71B48BC91A51AFC500A37FF7 /* Sources */,
				71B48BCA1A51AFC500A37FF7 /* Frameworks */,
				71B48BCB1A51AFC500A37FF7 /* Resources */,
			);
			buildRules = (
			);
			dependencies = (
			);
			name = Sendish;
			productName = Sendish;
			productReference = 71B48BCD1A51AFC600A37FF7 /* Sendish.app */;
			productType = "com.apple.product-type.application";
		};
		71B48BE51A51AFC600A37FF7 /* SendishTests */ = {
			isa = PBXNativeTarget;
			buildConfigurationList = 71B48BF31A51AFC600A37FF7 /* Build configuration list for PBXNativeTarget "SendishTests" */;
			buildPhases = (
				71B48BE21A51AFC600A37FF7 /* Sources */,
				71B48BE31A51AFC600A37FF7 /* Frameworks */,
				71B48BE41A51AFC600A37FF7 /* Resources */,
			);
			buildRules = (
			);
			dependencies = (
				71B48BE81A51AFC600A37FF7 /* PBXTargetDependency */,
			);
			name = SendishTests;
			productName = SendishTests;
			productReference = 71B48BE61A51AFC600A37FF7 /* SendishTests.xctest */;
			productType = "com.apple.product-type.bundle.unit-test";
		};
/* End PBXNativeTarget section */

/* Begin PBXProject section */
		71B48BC51A51AFC500A37FF7 /* Project object */ = {
			isa = PBXProject;
			attributes = {
				LastUpgradeCheck = 0600;
				ORGANIZATIONNAME = "Rajat Sharma";
				TargetAttributes = {
					71B48BCC1A51AFC500A37FF7 = {
						CreatedOnToolsVersion = 6.0;
					};
					71B48BE51A51AFC600A37FF7 = {
						CreatedOnToolsVersion = 6.0;
						TestTargetID = 71B48BCC1A51AFC500A37FF7;
					};
				};
			};
			buildConfigurationList = 71B48BC81A51AFC500A37FF7 /* Build configuration list for PBXProject "Sendish" */;
			compatibilityVersion = "Xcode 3.2";
			developmentRegion = English;
			hasScannedForEncodings = 0;
			knownRegions = (
				en,
				Base,
			);
			mainGroup = 71B48BC41A51AFC500A37FF7;
			productRefGroup = 71B48BCE1A51AFC600A37FF7 /* Products */;
			projectDirPath = "";
			projectRoot = "";
			targets = (
				71B48BCC1A51AFC500A37FF7 /* Sendish */,
				71B48BE51A51AFC600A37FF7 /* SendishTests */,
			);
		};
/* End PBXProject section */

/* Begin PBXResourcesBuildPhase section */
		71B48BCB1A51AFC500A37FF7 /* Resources */ = {
			isa = PBXResourcesBuildPhase;
			buildActionMask = 2147483647;
			files = (
				71B48C0F1A51B85300A37FF7 /* LoginViewController.xib in Resources */,
				71B48C151A51BADA00A37FF7 /* MainViewController.xib in Resources */,
				7126FFCA1A52FE2F0004EADF /* ReceivedSendishViewController.xib in Resources */,
				71B48BE11A51AFC600A37FF7 /* LaunchScreen.xib in Resources */,
				71B48BDE1A51AFC600A37FF7 /* Images.xcassets in Resources */,
				71B48C091A51B77700A37FF7 /* SignupViewController.xib in Resources */,
				71B48C031A51B2E300A37FF7 /* RootViewController.xib in Resources */,
				71B48C1B1A51BD2400A37FF7 /* NavigationView.xib in Resources */,
				7126FFD61A5303970004EADF /* TakeSendishViewController.xib in Resources */,
				7126FFD01A52FE530004EADF /* SentSendishViewController.xib in Resources */,
			);
			runOnlyForDeploymentPostprocessing = 0;
		};
		71B48BE41A51AFC600A37FF7 /* Resources */ = {
			isa = PBXResourcesBuildPhase;
			buildActionMask = 2147483647;
			files = (
			);
			runOnlyForDeploymentPostprocessing = 0;
		};
/* End PBXResourcesBuildPhase section */

/* Begin PBXSourcesBuildPhase section */
		71B48BC91A51AFC500A37FF7 /* Sources */ = {
			isa = PBXSourcesBuildPhase;
			buildActionMask = 2147483647;
			files = (
				71B48BF91A51B05300A37FF7 /* AppDelegate.m in Sources */,
				7126FFCF1A52FE530004EADF /* SentSendishViewController.m in Sources */,
				7126FFE91A53161B0004EADF /* ALAssetsLibrary+CustomPhotoAlbum.m in Sources */,
				71B48C191A51BD0E00A37FF7 /* NavigationView.m in Sources */,
				71B48C141A51BADA00A37FF7 /* MainViewController.m in Sources */,
				71B48BD31A51AFC600A37FF7 /* main.m in Sources */,
				71B48C081A51B77700A37FF7 /* SignupViewController.m in Sources */,
				71B48C021A51B2E300A37FF7 /* RootViewController.m in Sources */,
				7126FFC91A52FE2F0004EADF /* ReceivedSendishViewController.m in Sources */,
				7126FFD51A5303970004EADF /* TakeSendishViewController.m in Sources */,
				71B48C0E1A51B85300A37FF7 /* LoginViewController.m in Sources */,
			);
			runOnlyForDeploymentPostprocessing = 0;
		};
		71B48BE21A51AFC600A37FF7 /* Sources */ = {
			isa = PBXSourcesBuildPhase;
			buildActionMask = 2147483647;
			files = (
				71B48BED1A51AFC600A37FF7 /* SendishTests.m in Sources */,
			);
			runOnlyForDeploymentPostprocessing = 0;
		};
/* End PBXSourcesBuildPhase section */

/* Begin PBXTargetDependency section */
		71B48BE81A51AFC600A37FF7 /* PBXTargetDependency */ = {
			isa = PBXTargetDependency;
			target = 71B48BCC1A51AFC500A37FF7 /* Sendish */;
			targetProxy = 71B48BE71A51AFC600A37FF7 /* PBXContainerItemProxy */;
		};
/* End PBXTargetDependency section */

/* Begin PBXVariantGroup section */
		71B48BDF1A51AFC600A37FF7 /* LaunchScreen.xib */ = {
			isa = PBXVariantGroup;
			children = (
				71B48BE01A51AFC600A37FF7 /* Base */,
			);
			name = LaunchScreen.xib;
			sourceTree = "<group>";
		};
/* End PBXVariantGroup section */

/* Begin XCBuildConfiguration section */
		71B48BEE1A51AFC600A37FF7 /* Debug */ = {
			isa = XCBuildConfiguration;
			buildSettings = {
				ALWAYS_SEARCH_USER_PATHS = NO;
				CLANG_CXX_LANGUAGE_STANDARD = "gnu++0x";
				CLANG_CXX_LIBRARY = "libc++";
				CLANG_ENABLE_MODULES = YES;
				CLANG_ENABLE_OBJC_ARC = YES;
				CLANG_WARN_BOOL_CONVERSION = YES;
				CLANG_WARN_CONSTANT_CONVERSION = YES;
				CLANG_WARN_DIRECT_OBJC_ISA_USAGE = YES_ERROR;
				CLANG_WARN_EMPTY_BODY = YES;
				CLANG_WARN_ENUM_CONVERSION = YES;
				CLANG_WARN_INT_CONVERSION = YES;
				CLANG_WARN_OBJC_ROOT_CLASS = YES_ERROR;
				CLANG_WARN_UNREACHABLE_CODE = YES;
				CLANG_WARN__DUPLICATE_METHOD_MATCH = YES;
				"CODE_SIGN_IDENTITY[sdk=iphoneos*]" = "iPhone Developer";
				COPY_PHASE_STRIP = NO;
				ENABLE_STRICT_OBJC_MSGSEND = YES;
				GCC_C_LANGUAGE_STANDARD = gnu99;
				GCC_DYNAMIC_NO_PIC = NO;
				GCC_OPTIMIZATION_LEVEL = 0;
				GCC_PREPROCESSOR_DEFINITIONS = (
					"DEBUG=1",
					"$(inherited)",
				);
				GCC_SYMBOLS_PRIVATE_EXTERN = NO;
				GCC_WARN_64_TO_32_BIT_CONVERSION = YES;
				GCC_WARN_ABOUT_RETURN_TYPE = YES_ERROR;
				GCC_WARN_UNDECLARED_SELECTOR = YES;
				GCC_WARN_UNINITIALIZED_AUTOS = YES_AGGRESSIVE;
				GCC_WARN_UNUSED_FUNCTION = YES;
				GCC_WARN_UNUSED_VARIABLE = YES;
				IPHONEOS_DEPLOYMENT_TARGET = 8.0;
				MTL_ENABLE_DEBUG_INFO = YES;
				ONLY_ACTIVE_ARCH = YES;
				SDKROOT = iphoneos;
				TARGETED_DEVICE_FAMILY = "1,2";
			};
			name = Debug;
		};
		71B48BEF1A51AFC600A37FF7 /* Release */ = {
			isa = XCBuildConfiguration;
			buildSettings = {
				ALWAYS_SEARCH_USER_PATHS = NO;
				CLANG_CXX_LANGUAGE_STANDARD = "gnu++0x";
				CLANG_CXX_LIBRARY = "libc++";
				CLANG_ENABLE_MODULES = YES;
				CLANG_ENABLE_OBJC_ARC = YES;
				CLANG_WARN_BOOL_CONVERSION = YES;
				CLANG_WARN_CONSTANT_CONVERSION = YES;
				CLANG_WARN_DIRECT_OBJC_ISA_USAGE = YES_ERROR;
				CLANG_WARN_EMPTY_BODY = YES;
				CLANG_WARN_ENUM_CONVERSION = YES;
				CLANG_WARN_INT_CONVERSION = YES;
				CLANG_WARN_OBJC_ROOT_CLASS = YES_ERROR;
				CLANG_WARN_UNREACHABLE_CODE = YES;
				CLANG_WARN__DUPLICATE_METHOD_MATCH = YES;
				"CODE_SIGN_IDENTITY[sdk=iphoneos*]" = "iPhone Developer";
				COPY_PHASE_STRIP = YES;
				ENABLE_NS_ASSERTIONS = NO;
				ENABLE_STRICT_OBJC_MSGSEND = YES;
				GCC_C_LANGUAGE_STANDARD = gnu99;
				GCC_WARN_64_TO_32_BIT_CONVERSION = YES;
				GCC_WARN_ABOUT_RETURN_TYPE = YES_ERROR;
				GCC_WARN_UNDECLARED_SELECTOR = YES;
				GCC_WARN_UNINITIALIZED_AUTOS = YES_AGGRESSIVE;
				GCC_WARN_UNUSED_FUNCTION = YES;
				GCC_WARN_UNUSED_VARIABLE = YES;
				IPHONEOS_DEPLOYMENT_TARGET = 8.0;
				MTL_ENABLE_DEBUG_INFO = NO;
				SDKROOT = iphoneos;
				TARGETED_DEVICE_FAMILY = "1,2";
				VALIDATE_PRODUCT = YES;
			};
			name = Release;
		};
		71B48BF11A51AFC600A37FF7 /* Debug */ = {
			isa = XCBuildConfiguration;
			buildSettings = {
				ASSETCATALOG_COMPILER_APPICON_NAME = AppIcon;
				INFOPLIST_FILE = Sendish/Info.plist;
				IPHONEOS_DEPLOYMENT_TARGET = 7.0;
				LD_RUNPATH_SEARCH_PATHS = "$(inherited) @executable_path/Frameworks";
				PRODUCT_NAME = "$(TARGET_NAME)";
				TARGETED_DEVICE_FAMILY = 1;
			};
			name = Debug;
		};
		71B48BF21A51AFC600A37FF7 /* Release */ = {
			isa = XCBuildConfiguration;
			buildSettings = {
				ASSETCATALOG_COMPILER_APPICON_NAME = AppIcon;
				INFOPLIST_FILE = Sendish/Info.plist;
				IPHONEOS_DEPLOYMENT_TARGET = 7.0;
				LD_RUNPATH_SEARCH_PATHS = "$(inherited) @executable_path/Frameworks";
				PRODUCT_NAME = "$(TARGET_NAME)";
				TARGETED_DEVICE_FAMILY = 1;
			};
			name = Release;
		};
		71B48BF41A51AFC600A37FF7 /* Debug */ = {
			isa = XCBuildConfiguration;
			buildSettings = {
				BUNDLE_LOADER = "$(TEST_HOST)";
				FRAMEWORK_SEARCH_PATHS = (
					"$(SDKROOT)/Developer/Library/Frameworks",
					"$(inherited)",
				);
				GCC_PREPROCESSOR_DEFINITIONS = (
					"DEBUG=1",
					"$(inherited)",
				);
				INFOPLIST_FILE = SendishTests/Info.plist;
				LD_RUNPATH_SEARCH_PATHS = "$(inherited) @executable_path/Frameworks @loader_path/Frameworks";
				PRODUCT_NAME = "$(TARGET_NAME)";
				TEST_HOST = "$(BUILT_PRODUCTS_DIR)/Sendish.app/Sendish";
			};
			name = Debug;
		};
		71B48BF51A51AFC600A37FF7 /* Release */ = {
			isa = XCBuildConfiguration;
			buildSettings = {
				BUNDLE_LOADER = "$(TEST_HOST)";
				FRAMEWORK_SEARCH_PATHS = (
					"$(SDKROOT)/Developer/Library/Frameworks",
					"$(inherited)",
				);
				INFOPLIST_FILE = SendishTests/Info.plist;
				LD_RUNPATH_SEARCH_PATHS = "$(inherited) @executable_path/Frameworks @loader_path/Frameworks";
				PRODUCT_NAME = "$(TARGET_NAME)";
				TEST_HOST = "$(BUILT_PRODUCTS_DIR)/Sendish.app/Sendish";
			};
			name = Release;
		};
/* End XCBuildConfiguration section */

/* Begin XCConfigurationList section */
		71B48BC81A51AFC500A37FF7 /* Build configuration list for PBXProject "Sendish" */ = {
			isa = XCConfigurationList;
			buildConfigurations = (
				71B48BEE1A51AFC600A37FF7 /* Debug */,
				71B48BEF1A51AFC600A37FF7 /* Release */,
			);
			defaultConfigurationIsVisible = 0;
			defaultConfigurationName = Release;
		};
		71B48BF01A51AFC600A37FF7 /* Build configuration list for PBXNativeTarget "Sendish" */ = {
			isa = XCConfigurationList;
			buildConfigurations = (
				71B48BF11A51AFC600A37FF7 /* Debug */,
				71B48BF21A51AFC600A37FF7 /* Release */,
			);
			defaultConfigurationIsVisible = 0;
			defaultConfigurationName = Release;
		};
		71B48BF31A51AFC600A37FF7 /* Build configuration list for PBXNativeTarget "SendishTests" */ = {
			isa = XCConfigurationList;
			buildConfigurations = (
				71B48BF41A51AFC600A37FF7 /* Debug */,
				71B48BF51A51AFC600A37FF7 /* Release */,
			);
			defaultConfigurationIsVisible = 0;
			defaultConfigurationName = Release;
		};
/* End XCConfigurationList section */
	};
	rootObject = 71B48BC51A51AFC500A37FF7 /* Project object */;
}
