// !$*UTF8*$!
{
	archiveVersion = 1;
	classes = {
	};
	objectVersion = 46;
	objects = {

/* Begin PBXBuildFile section */
		7102C20F1A57E5290064D1FD /* loader.png in Resources */ = {isa = PBXBuildFile; fileRef = 7102C20B1A57E5290064D1FD /* loader.png */; };
		7102C2101A57E5290064D1FD /* LoaderView.m in Sources */ = {isa = PBXBuildFile; fileRef = 7102C20D1A57E5290064D1FD /* LoaderView.m */; };
		7102C2111A57E5290064D1FD /* LoaderView.xib in Resources */ = {isa = PBXBuildFile; fileRef = 7102C20E1A57E5290064D1FD /* LoaderView.xib */; };
		7102C2171A58073D0064D1FD /* GetLcationViewController.m in Sources */ = {isa = PBXBuildFile; fileRef = 7102C2151A58073D0064D1FD /* GetLcationViewController.m */; };
		7102C2181A58073D0064D1FD /* GetLcationViewController.xib in Resources */ = {isa = PBXBuildFile; fileRef = 7102C2161A58073D0064D1FD /* GetLcationViewController.xib */; };
		7102C21A1A58081A0064D1FD /* CoreLocation.framework in Frameworks */ = {isa = PBXBuildFile; fileRef = 7102C2191A58081A0064D1FD /* CoreLocation.framework */; };
		7102C2241A580BE30064D1FD /* NickNameViewController.m in Sources */ = {isa = PBXBuildFile; fileRef = 7102C2221A580BE30064D1FD /* NickNameViewController.m */; };
		7102C2251A580BE30064D1FD /* NickNameViewController.xib in Resources */ = {isa = PBXBuildFile; fileRef = 7102C2231A580BE30064D1FD /* NickNameViewController.xib */; };
		7102C22A1A5811890064D1FD /* ShareViewController.m in Sources */ = {isa = PBXBuildFile; fileRef = 7102C2281A5811890064D1FD /* ShareViewController.m */; };
		7102C22B1A5811890064D1FD /* ShareViewController.xib in Resources */ = {isa = PBXBuildFile; fileRef = 7102C2291A5811890064D1FD /* ShareViewController.xib */; };
		711F960F1A59101E00BF7A06 /* TutorialViewController.m in Sources */ = {isa = PBXBuildFile; fileRef = 711F960D1A59101E00BF7A06 /* TutorialViewController.m */; };
		711F96101A59101E00BF7A06 /* TutorialViewController.xib in Resources */ = {isa = PBXBuildFile; fileRef = 711F960E1A59101E00BF7A06 /* TutorialViewController.xib */; };
		711F96141A59132100BF7A06 /* demoImage1.jpg in Resources */ = {isa = PBXBuildFile; fileRef = 711F96121A59132100BF7A06 /* demoImage1.jpg */; };
		711F96151A59132100BF7A06 /* demoImage2.jpg in Resources */ = {isa = PBXBuildFile; fileRef = 711F96131A59132100BF7A06 /* demoImage2.jpg */; };
		7126FFC91A52FE2F0004EADF /* ReceivedSendishViewController.m in Sources */ = {isa = PBXBuildFile; fileRef = 7126FFC71A52FE2F0004EADF /* ReceivedSendishViewController.m */; };
		7126FFCA1A52FE2F0004EADF /* ReceivedSendishViewController.xib in Resources */ = {isa = PBXBuildFile; fileRef = 7126FFC81A52FE2F0004EADF /* ReceivedSendishViewController.xib */; };
		7126FFCF1A52FE530004EADF /* SentSendishViewController.m in Sources */ = {isa = PBXBuildFile; fileRef = 7126FFCD1A52FE530004EADF /* SentSendishViewController.m */; };
		7126FFD01A52FE530004EADF /* SentSendishViewController.xib in Resources */ = {isa = PBXBuildFile; fileRef = 7126FFCE1A52FE530004EADF /* SentSendishViewController.xib */; };
		7126FFD51A5303970004EADF /* TakeSendishViewController.m in Sources */ = {isa = PBXBuildFile; fileRef = 7126FFD31A5303970004EADF /* TakeSendishViewController.m */; };
		7126FFD61A5303970004EADF /* TakeSendishViewController.xib in Resources */ = {isa = PBXBuildFile; fileRef = 7126FFD41A5303970004EADF /* TakeSendishViewController.xib */; };
		7126FFD81A5308A30004EADF /* CoreVideo.framework in Frameworks */ = {isa = PBXBuildFile; fileRef = 7126FFD71A5308A30004EADF /* CoreVideo.framework */; };
		7126FFDA1A5308AC0004EADF /* CoreMedia.framework in Frameworks */ = {isa = PBXBuildFile; fileRef = 7126FFD91A5308AC0004EADF /* CoreMedia.framework */; };
		7126FFDC1A5308B30004EADF /* AVFoundation.framework in Frameworks */ = {isa = PBXBuildFile; fileRef = 7126FFDB1A5308B30004EADF /* AVFoundation.framework */; };
		7126FFDE1A5308BB0004EADF /* ImageIO.framework in Frameworks */ = {isa = PBXBuildFile; fileRef = 7126FFDD1A5308BB0004EADF /* ImageIO.framework */; };
		7126FFE01A5308C10004EADF /* QuartzCore.framework in Frameworks */ = {isa = PBXBuildFile; fileRef = 7126FFDF1A5308C10004EADF /* QuartzCore.framework */; };
		7126FFE91A53161B0004EADF /* ALAssetsLibrary+CustomPhotoAlbum.m in Sources */ = {isa = PBXBuildFile; fileRef = 7126FFE81A53161B0004EADF /* ALAssetsLibrary+CustomPhotoAlbum.m */; };
		7126FFEB1A53184C0004EADF /* AssetsLibrary.framework in Frameworks */ = {isa = PBXBuildFile; fileRef = 7126FFEA1A53184C0004EADF /* AssetsLibrary.framework */; };
		713539821A5AFB3300249630 /* UserAccount.m in Sources */ = {isa = PBXBuildFile; fileRef = 713539811A5AFB3300249630 /* UserAccount.m */; };
		713539861A5B038700249630 /* Base64.m in Sources */ = {isa = PBXBuildFile; fileRef = 713539851A5B038700249630 /* Base64.m */; };
		715841511A6049BB006AA95B /* SidePanelTableViewCell.m in Sources */ = {isa = PBXBuildFile; fileRef = 7158414F1A6049BB006AA95B /* SidePanelTableViewCell.m */; };
		715841521A6049BB006AA95B /* SidePanelTableViewCell.xib in Resources */ = {isa = PBXBuildFile; fileRef = 715841501A6049BB006AA95B /* SidePanelTableViewCell.xib */; };
		716E304E1A559B0D0007B44C /* AlertView.m in Sources */ = {isa = PBXBuildFile; fileRef = 716E304D1A559B0D0007B44C /* AlertView.m */; };
		71A7FF8B1A5B0A2400A10475 /* IOSRequest.m in Sources */ = {isa = PBXBuildFile; fileRef = 71A7FF8A1A5B0A2400A10475 /* IOSRequest.m */; };
		71AAF3701A5DAE310028B0B3 /* SidePanelViewController.m in Sources */ = {isa = PBXBuildFile; fileRef = 71AAF36E1A5DAE310028B0B3 /* SidePanelViewController.m */; };
		71AAF3711A5DAE310028B0B3 /* SidePanelViewController.xib in Resources */ = {isa = PBXBuildFile; fileRef = 71AAF36F1A5DAE310028B0B3 /* SidePanelViewController.xib */; };
		71B48BD31A51AFC600A37FF7 /* main.m in Sources */ = {isa = PBXBuildFile; fileRef = 71B48BD21A51AFC600A37FF7 /* main.m */; };
		71B48BDE1A51AFC600A37FF7 /* Images.xcassets in Resources */ = {isa = PBXBuildFile; fileRef = 71B48BDD1A51AFC600A37FF7 /* Images.xcassets */; };
		71B48BE11A51AFC600A37FF7 /* LaunchScreen.xib in Resources */ = {isa = PBXBuildFile; fileRef = 71B48BDF1A51AFC600A37FF7 /* LaunchScreen.xib */; };
		71B48BED1A51AFC600A37FF7 /* SendishTests.m in Sources */ = {isa = PBXBuildFile; fileRef = 71B48BEC1A51AFC600A37FF7 /* SendishTests.m */; };
		71B48BF91A51B05300A37FF7 /* AppDelegate.m in Sources */ = {isa = PBXBuildFile; fileRef = 71B48BF81A51B05300A37FF7 /* AppDelegate.m */; };
		71B48C021A51B2E300A37FF7 /* RootViewController.m in Sources */ = {isa = PBXBuildFile; fileRef = 71B48C001A51B2E300A37FF7 /* RootViewController.m */; };
		71B48C031A51B2E300A37FF7 /* RootViewController.xib in Resources */ = {isa = PBXBuildFile; fileRef = 71B48C011A51B2E300A37FF7 /* RootViewController.xib */; };
		71B48C081A51B77700A37FF7 /* SignupViewController.m in Sources */ = {isa = PBXBuildFile; fileRef = 71B48C061A51B77700A37FF7 /* SignupViewController.m */; };
		71B48C091A51B77700A37FF7 /* SignupViewController.xib in Resources */ = {isa = PBXBuildFile; fileRef = 71B48C071A51B77700A37FF7 /* SignupViewController.xib */; };
		71B48C0E1A51B85300A37FF7 /* LoginViewController.m in Sources */ = {isa = PBXBuildFile; fileRef = 71B48C0C1A51B85300A37FF7 /* LoginViewController.m */; };
		71B48C0F1A51B85300A37FF7 /* LoginViewController.xib in Resources */ = {isa = PBXBuildFile; fileRef = 71B48C0D1A51B85300A37FF7 /* LoginViewController.xib */; };
		71B48C141A51BADA00A37FF7 /* MainViewController.m in Sources */ = {isa = PBXBuildFile; fileRef = 71B48C121A51BADA00A37FF7 /* MainViewController.m */; };
		71B48C151A51BADA00A37FF7 /* MainViewController.xib in Resources */ = {isa = PBXBuildFile; fileRef = 71B48C131A51BADA00A37FF7 /* MainViewController.xib */; };
		71B48C191A51BD0E00A37FF7 /* NavigationView.m in Sources */ = {isa = PBXBuildFile; fileRef = 71B48C181A51BD0E00A37FF7 /* NavigationView.m */; };
		71B48C1B1A51BD2400A37FF7 /* NavigationView.xib in Resources */ = {isa = PBXBuildFile; fileRef = 71B48C1A1A51BD2400A37FF7 /* NavigationView.xib */; };
		71FE62FD1A628D9200725FC0 /* ReceivedSendishTableViewCell.m in Sources */ = {isa = PBXBuildFile; fileRef = 71FE62FB1A628D9200725FC0 /* ReceivedSendishTableViewCell.m */; };
		71FE62FE1A628D9200725FC0 /* ReceivedSendishTableViewCell.xib in Resources */ = {isa = PBXBuildFile; fileRef = 71FE62FC1A628D9200725FC0 /* ReceivedSendishTableViewCell.xib */; };
		E17C5A4207717D5F733C3EAF /* libPods-Sendish.a in Frameworks */ = {isa = PBXBuildFile; fileRef = CBA1E61305469F857C3AD02C /* libPods-Sendish.a */; };
/* End PBXBuildFile section */

/* Begin PBXContainerItemProxy section */
		71B48BE71A51AFC600A37FF7 /* PBXContainerItemProxy */ = {
			isa = PBXContainerItemProxy;
			containerPortal = 71B48BC51A51AFC500A37FF7 /* Project object */;
			proxyType = 1;
			remoteGlobalIDString = 71B48BCC1A51AFC500A37FF7;
			remoteInfo = Sendish;
		};
/* End PBXContainerItemProxy section */

/* Begin PBXFileReference section */
		0CA270C94336AC9E84EABD58 /* Pods-Sendish.release.xcconfig */ = {isa = PBXFileReference; includeInIndex = 1; lastKnownFileType = text.xcconfig; name = "Pods-Sendish.release.xcconfig"; path = "Pods/Target Support Files/Pods-Sendish/Pods-Sendish.release.xcconfig"; sourceTree = "<group>"; };
		7102C2081A57E0240064D1FD /* libPods-Sendish-Facebook-iOS-SDK.a */ = {isa = PBXFileReference; lastKnownFileType = archive.ar; name = "libPods-Sendish-Facebook-iOS-SDK.a"; path = "Pods/build/Debug-iphoneos/libPods-Sendish-Facebook-iOS-SDK.a"; sourceTree = "<group>"; };
		7102C20B1A57E5290064D1FD /* loader.png */ = {isa = PBXFileReference; lastKnownFileType = image.png; path = loader.png; sourceTree = "<group>"; };
		7102C20C1A57E5290064D1FD /* LoaderView.h */ = {isa = PBXFileReference; fileEncoding = 4; lastKnownFileType = sourcecode.c.h; path = LoaderView.h; sourceTree = "<group>"; };
		7102C20D1A57E5290064D1FD /* LoaderView.m */ = {isa = PBXFileReference; fileEncoding = 4; lastKnownFileType = sourcecode.c.objc; path = LoaderView.m; sourceTree = "<group>"; };
		7102C20E1A57E5290064D1FD /* LoaderView.xib */ = {isa = PBXFileReference; fileEncoding = 4; lastKnownFileType = file.xib; path = LoaderView.xib; sourceTree = "<group>"; };
		7102C2121A5804B10064D1FD /* WebURLs.h */ = {isa = PBXFileReference; fileEncoding = 4; lastKnownFileType = sourcecode.c.h; path = WebURLs.h; sourceTree = "<group>"; };
		7102C2141A58073D0064D1FD /* GetLcationViewController.h */ = {isa = PBXFileReference; fileEncoding = 4; lastKnownFileType = sourcecode.c.h; path = GetLcationViewController.h; sourceTree = "<group>"; };
		7102C2151A58073D0064D1FD /* GetLcationViewController.m */ = {isa = PBXFileReference; fileEncoding = 4; lastKnownFileType = sourcecode.c.objc; path = GetLcationViewController.m; sourceTree = "<group>"; };
		7102C2161A58073D0064D1FD /* GetLcationViewController.xib */ = {isa = PBXFileReference; fileEncoding = 4; lastKnownFileType = file.xib; path = GetLcationViewController.xib; sourceTree = "<group>"; };
		7102C2191A58081A0064D1FD /* CoreLocation.framework */ = {isa = PBXFileReference; lastKnownFileType = wrapper.framework; name = CoreLocation.framework; path = System/Library/Frameworks/CoreLocation.framework; sourceTree = SDKROOT; };
		7102C2211A580BE30064D1FD /* NickNameViewController.h */ = {isa = PBXFileReference; fileEncoding = 4; lastKnownFileType = sourcecode.c.h; path = NickNameViewController.h; sourceTree = "<group>"; };
		7102C2221A580BE30064D1FD /* NickNameViewController.m */ = {isa = PBXFileReference; fileEncoding = 4; lastKnownFileType = sourcecode.c.objc; path = NickNameViewController.m; sourceTree = "<group>"; };
		7102C2231A580BE30064D1FD /* NickNameViewController.xib */ = {isa = PBXFileReference; fileEncoding = 4; lastKnownFileType = file.xib; path = NickNameViewController.xib; sourceTree = "<group>"; };
		7102C2271A5811890064D1FD /* ShareViewController.h */ = {isa = PBXFileReference; fileEncoding = 4; lastKnownFileType = sourcecode.c.h; path = ShareViewController.h; sourceTree = "<group>"; };
		7102C2281A5811890064D1FD /* ShareViewController.m */ = {isa = PBXFileReference; fileEncoding = 4; lastKnownFileType = sourcecode.c.objc; path = ShareViewController.m; sourceTree = "<group>"; };
		7102C2291A5811890064D1FD /* ShareViewController.xib */ = {isa = PBXFileReference; fileEncoding = 4; lastKnownFileType = file.xib; path = ShareViewController.xib; sourceTree = "<group>"; };
		711BA4E61A57D30300483C78 /* Colors.h */ = {isa = PBXFileReference; fileEncoding = 4; lastKnownFileType = sourcecode.c.h; path = Colors.h; sourceTree = "<group>"; };
		711F960C1A59101E00BF7A06 /* TutorialViewController.h */ = {isa = PBXFileReference; fileEncoding = 4; lastKnownFileType = sourcecode.c.h; path = TutorialViewController.h; sourceTree = "<group>"; };
		711F960D1A59101E00BF7A06 /* TutorialViewController.m */ = {isa = PBXFileReference; fileEncoding = 4; lastKnownFileType = sourcecode.c.objc; path = TutorialViewController.m; sourceTree = "<group>"; };
		711F960E1A59101E00BF7A06 /* TutorialViewController.xib */ = {isa = PBXFileReference; fileEncoding = 4; lastKnownFileType = file.xib; path = TutorialViewController.xib; sourceTree = "<group>"; };
		711F96121A59132100BF7A06 /* demoImage1.jpg */ = {isa = PBXFileReference; lastKnownFileType = image.jpeg; path = demoImage1.jpg; sourceTree = "<group>"; };
		711F96131A59132100BF7A06 /* demoImage2.jpg */ = {isa = PBXFileReference; lastKnownFileType = image.jpeg; path = demoImage2.jpg; sourceTree = "<group>"; };
		7126FFC61A52FE2F0004EADF /* ReceivedSendishViewController.h */ = {isa = PBXFileReference; fileEncoding = 4; lastKnownFileType = sourcecode.c.h; path = ReceivedSendishViewController.h; sourceTree = "<group>"; };
		7126FFC71A52FE2F0004EADF /* ReceivedSendishViewController.m */ = {isa = PBXFileReference; fileEncoding = 4; lastKnownFileType = sourcecode.c.objc; path = ReceivedSendishViewController.m; sourceTree = "<group>"; };
		7126FFC81A52FE2F0004EADF /* ReceivedSendishViewController.xib */ = {isa = PBXFileReference; fileEncoding = 4; lastKnownFileType = file.xib; path = ReceivedSendishViewController.xib; sourceTree = "<group>"; };
		7126FFCC1A52FE530004EADF /* SentSendishViewController.h */ = {isa = PBXFileReference; fileEncoding = 4; lastKnownFileType = sourcecode.c.h; path = SentSendishViewController.h; sourceTree = "<group>"; };
		7126FFCD1A52FE530004EADF /* SentSendishViewController.m */ = {isa = PBXFileReference; fileEncoding = 4; lastKnownFileType = sourcecode.c.objc; path = SentSendishViewController.m; sourceTree = "<group>"; };
		7126FFCE1A52FE530004EADF /* SentSendishViewController.xib */ = {isa = PBXFileReference; fileEncoding = 4; lastKnownFileType = file.xib; path = SentSendishViewController.xib; sourceTree = "<group>"; };
		7126FFD21A5303970004EADF /* TakeSendishViewController.h */ = {isa = PBXFileReference; fileEncoding = 4; lastKnownFileType = sourcecode.c.h; path = TakeSendishViewController.h; sourceTree = "<group>"; };
		7126FFD31A5303970004EADF /* TakeSendishViewController.m */ = {isa = PBXFileReference; fileEncoding = 4; lastKnownFileType = sourcecode.c.objc; path = TakeSendishViewController.m; sourceTree = "<group>"; };
		7126FFD41A5303970004EADF /* TakeSendishViewController.xib */ = {isa = PBXFileReference; fileEncoding = 4; lastKnownFileType = file.xib; path = TakeSendishViewController.xib; sourceTree = "<group>"; };
		7126FFD71A5308A30004EADF /* CoreVideo.framework */ = {isa = PBXFileReference; lastKnownFileType = wrapper.framework; name = CoreVideo.framework; path = System/Library/Frameworks/CoreVideo.framework; sourceTree = SDKROOT; };
		7126FFD91A5308AC0004EADF /* CoreMedia.framework */ = {isa = PBXFileReference; lastKnownFileType = wrapper.framework; name = CoreMedia.framework; path = System/Library/Frameworks/CoreMedia.framework; sourceTree = SDKROOT; };
		7126FFDB1A5308B30004EADF /* AVFoundation.framework */ = {isa = PBXFileReference; lastKnownFileType = wrapper.framework; name = AVFoundation.framework; path = System/Library/Frameworks/AVFoundation.framework; sourceTree = SDKROOT; };
		7126FFDD1A5308BB0004EADF /* ImageIO.framework */ = {isa = PBXFileReference; lastKnownFileType = wrapper.framework; name = ImageIO.framework; path = System/Library/Frameworks/ImageIO.framework; sourceTree = SDKROOT; };
		7126FFDF1A5308C10004EADF /* QuartzCore.framework */ = {isa = PBXFileReference; lastKnownFileType = wrapper.framework; name = QuartzCore.framework; path = System/Library/Frameworks/QuartzCore.framework; sourceTree = SDKROOT; };
		7126FFE71A53161B0004EADF /* ALAssetsLibrary+CustomPhotoAlbum.h */ = {isa = PBXFileReference; fileEncoding = 4; lastKnownFileType = sourcecode.c.h; path = "ALAssetsLibrary+CustomPhotoAlbum.h"; sourceTree = "<group>"; };
		7126FFE81A53161B0004EADF /* ALAssetsLibrary+CustomPhotoAlbum.m */ = {isa = PBXFileReference; fileEncoding = 4; lastKnownFileType = sourcecode.c.objc; path = "ALAssetsLibrary+CustomPhotoAlbum.m"; sourceTree = "<group>"; };
		7126FFEA1A53184C0004EADF /* AssetsLibrary.framework */ = {isa = PBXFileReference; lastKnownFileType = wrapper.framework; name = AssetsLibrary.framework; path = System/Library/Frameworks/AssetsLibrary.framework; sourceTree = SDKROOT; };
		713539801A5AFB3300249630 /* UserAccount.h */ = {isa = PBXFileReference; fileEncoding = 4; lastKnownFileType = sourcecode.c.h; path = UserAccount.h; sourceTree = "<group>"; };
		713539811A5AFB3300249630 /* UserAccount.m */ = {isa = PBXFileReference; fileEncoding = 4; lastKnownFileType = sourcecode.c.objc; path = UserAccount.m; sourceTree = "<group>"; };
		713539841A5B038700249630 /* Base64.h */ = {isa = PBXFileReference; fileEncoding = 4; lastKnownFileType = sourcecode.c.h; path = Base64.h; sourceTree = "<group>"; };
		713539851A5B038700249630 /* Base64.m */ = {isa = PBXFileReference; fileEncoding = 4; lastKnownFileType = sourcecode.c.objc; path = Base64.m; sourceTree = "<group>"; };
		7158414E1A6049BB006AA95B /* SidePanelTableViewCell.h */ = {isa = PBXFileReference; fileEncoding = 4; lastKnownFileType = sourcecode.c.h; path = SidePanelTableViewCell.h; sourceTree = "<group>"; };
		7158414F1A6049BB006AA95B /* SidePanelTableViewCell.m */ = {isa = PBXFileReference; fileEncoding = 4; lastKnownFileType = sourcecode.c.objc; path = SidePanelTableViewCell.m; sourceTree = "<group>"; };
		715841501A6049BB006AA95B /* SidePanelTableViewCell.xib */ = {isa = PBXFileReference; fileEncoding = 4; lastKnownFileType = file.xib; path = SidePanelTableViewCell.xib; sourceTree = "<group>"; };
		716E304C1A559B0D0007B44C /* AlertView.h */ = {isa = PBXFileReference; fileEncoding = 4; lastKnownFileType = sourcecode.c.h; path = AlertView.h; sourceTree = "<group>"; };
		716E304D1A559B0D0007B44C /* AlertView.m */ = {isa = PBXFileReference; fileEncoding = 4; lastKnownFileType = sourcecode.c.objc; path = AlertView.m; sourceTree = "<group>"; };
		716E30501A559B2D0007B44C /* Constants.h */ = {isa = PBXFileReference; fileEncoding = 4; lastKnownFileType = sourcecode.c.h; path = Constants.h; sourceTree = "<group>"; };
		71A7FF891A5B0A2400A10475 /* IOSRequest.h */ = {isa = PBXFileReference; fileEncoding = 4; lastKnownFileType = sourcecode.c.h; path = IOSRequest.h; sourceTree = "<group>"; };
		71A7FF8A1A5B0A2400A10475 /* IOSRequest.m */ = {isa = PBXFileReference; fileEncoding = 4; lastKnownFileType = sourcecode.c.objc; path = IOSRequest.m; sourceTree = "<group>"; };
		71AAF36D1A5DAE310028B0B3 /* SidePanelViewController.h */ = {isa = PBXFileReference; fileEncoding = 4; lastKnownFileType = sourcecode.c.h; path = SidePanelViewController.h; sourceTree = "<group>"; };
		71AAF36E1A5DAE310028B0B3 /* SidePanelViewController.m */ = {isa = PBXFileReference; fileEncoding = 4; lastKnownFileType = sourcecode.c.objc; path = SidePanelViewController.m; sourceTree = "<group>"; };
		71AAF36F1A5DAE310028B0B3 /* SidePanelViewController.xib */ = {isa = PBXFileReference; fileEncoding = 4; lastKnownFileType = file.xib; path = SidePanelViewController.xib; sourceTree = "<group>"; };
		71B48BCD1A51AFC600A37FF7 /* Sendish.app */ = {isa = PBXFileReference; explicitFileType = wrapper.application; includeInIndex = 0; path = Sendish.app; sourceTree = BUILT_PRODUCTS_DIR; };
		71B48BD11A51AFC600A37FF7 /* Info.plist */ = {isa = PBXFileReference; lastKnownFileType = text.plist.xml; path = Info.plist; sourceTree = "<group>"; };
		71B48BD21A51AFC600A37FF7 /* main.m */ = {isa = PBXFileReference; lastKnownFileType = sourcecode.c.objc; path = main.m; sourceTree = "<group>"; };
		71B48BDD1A51AFC600A37FF7 /* Images.xcassets */ = {isa = PBXFileReference; lastKnownFileType = folder.assetcatalog; path = Images.xcassets; sourceTree = "<group>"; };
		71B48BE01A51AFC600A37FF7 /* Base */ = {isa = PBXFileReference; lastKnownFileType = file.xib; name = Base; path = Base.lproj/LaunchScreen.xib; sourceTree = "<group>"; };
		71B48BE61A51AFC600A37FF7 /* SendishTests.xctest */ = {isa = PBXFileReference; explicitFileType = wrapper.cfbundle; includeInIndex = 0; path = SendishTests.xctest; sourceTree = BUILT_PRODUCTS_DIR; };
		71B48BEB1A51AFC600A37FF7 /* Info.plist */ = {isa = PBXFileReference; lastKnownFileType = text.plist.xml; path = Info.plist; sourceTree = "<group>"; };
		71B48BEC1A51AFC600A37FF7 /* SendishTests.m */ = {isa = PBXFileReference; lastKnownFileType = sourcecode.c.objc; path = SendishTests.m; sourceTree = "<group>"; };
		71B48BF71A51B05300A37FF7 /* AppDelegate.h */ = {isa = PBXFileReference; fileEncoding = 4; lastKnownFileType = sourcecode.c.h; path = AppDelegate.h; sourceTree = "<group>"; };
		71B48BF81A51B05300A37FF7 /* AppDelegate.m */ = {isa = PBXFileReference; fileEncoding = 4; lastKnownFileType = sourcecode.c.objc; path = AppDelegate.m; sourceTree = "<group>"; };
		71B48BFF1A51B2E300A37FF7 /* RootViewController.h */ = {isa = PBXFileReference; fileEncoding = 4; lastKnownFileType = sourcecode.c.h; path = RootViewController.h; sourceTree = "<group>"; };
		71B48C001A51B2E300A37FF7 /* RootViewController.m */ = {isa = PBXFileReference; fileEncoding = 4; lastKnownFileType = sourcecode.c.objc; path = RootViewController.m; sourceTree = "<group>"; };
		71B48C011A51B2E300A37FF7 /* RootViewController.xib */ = {isa = PBXFileReference; fileEncoding = 4; lastKnownFileType = file.xib; path = RootViewController.xib; sourceTree = "<group>"; };
		71B48C051A51B77700A37FF7 /* SignupViewController.h */ = {isa = PBXFileReference; fileEncoding = 4; lastKnownFileType = sourcecode.c.h; path = SignupViewController.h; sourceTree = "<group>"; };
		71B48C061A51B77700A37FF7 /* SignupViewController.m */ = {isa = PBXFileReference; fileEncoding = 4; lastKnownFileType = sourcecode.c.objc; path = SignupViewController.m; sourceTree = "<group>"; };
		71B48C071A51B77700A37FF7 /* SignupViewController.xib */ = {isa = PBXFileReference; fileEncoding = 4; lastKnownFileType = file.xib; path = SignupViewController.xib; sourceTree = "<group>"; };
		71B48C0B1A51B85300A37FF7 /* LoginViewController.h */ = {isa = PBXFileReference; fileEncoding = 4; lastKnownFileType = sourcecode.c.h; path = LoginViewController.h; sourceTree = "<group>"; };
		71B48C0C1A51B85300A37FF7 /* LoginViewController.m */ = {isa = PBXFileReference; fileEncoding = 4; lastKnownFileType = sourcecode.c.objc; path = LoginViewController.m; sourceTree = "<group>"; };
		71B48C0D1A51B85300A37FF7 /* LoginViewController.xib */ = {isa = PBXFileReference; fileEncoding = 4; lastKnownFileType = file.xib; path = LoginViewController.xib; sourceTree = "<group>"; };
		71B48C111A51BADA00A37FF7 /* MainViewController.h */ = {isa = PBXFileReference; fileEncoding = 4; lastKnownFileType = sourcecode.c.h; path = MainViewController.h; sourceTree = "<group>"; };
		71B48C121A51BADA00A37FF7 /* MainViewController.m */ = {isa = PBXFileReference; fileEncoding = 4; lastKnownFileType = sourcecode.c.objc; path = MainViewController.m; sourceTree = "<group>"; };
		71B48C131A51BADA00A37FF7 /* MainViewController.xib */ = {isa = PBXFileReference; fileEncoding = 4; lastKnownFileType = file.xib; path = MainViewController.xib; sourceTree = "<group>"; };
		71B48C171A51BD0E00A37FF7 /* NavigationView.h */ = {isa = PBXFileReference; fileEncoding = 4; lastKnownFileType = sourcecode.c.h; path = NavigationView.h; sourceTree = "<group>"; };
		71B48C181A51BD0E00A37FF7 /* NavigationView.m */ = {isa = PBXFileReference; fileEncoding = 4; lastKnownFileType = sourcecode.c.objc; path = NavigationView.m; sourceTree = "<group>"; };
		71B48C1A1A51BD2400A37FF7 /* NavigationView.xib */ = {isa = PBXFileReference; fileEncoding = 4; lastKnownFileType = file.xib; path = NavigationView.xib; sourceTree = "<group>"; };
		71FE62FA1A628D9200725FC0 /* ReceivedSendishTableViewCell.h */ = {isa = PBXFileReference; fileEncoding = 4; lastKnownFileType = sourcecode.c.h; path = ReceivedSendishTableViewCell.h; sourceTree = "<group>"; };
		71FE62FB1A628D9200725FC0 /* ReceivedSendishTableViewCell.m */ = {isa = PBXFileReference; fileEncoding = 4; lastKnownFileType = sourcecode.c.objc; path = ReceivedSendishTableViewCell.m; sourceTree = "<group>"; };
		71FE62FC1A628D9200725FC0 /* ReceivedSendishTableViewCell.xib */ = {isa = PBXFileReference; fileEncoding = 4; lastKnownFileType = file.xib; path = ReceivedSendishTableViewCell.xib; sourceTree = "<group>"; };
		CBA1E61305469F857C3AD02C /* libPods-Sendish.a */ = {isa = PBXFileReference; explicitFileType = archive.ar; includeInIndex = 0; path = "libPods-Sendish.a"; sourceTree = BUILT_PRODUCTS_DIR; };
		E26489F450B5373BAD32CBDD /* Pods-Sendish.debug.xcconfig */ = {isa = PBXFileReference; includeInIndex = 1; lastKnownFileType = text.xcconfig; name = "Pods-Sendish.debug.xcconfig"; path = "Pods/Target Support Files/Pods-Sendish/Pods-Sendish.debug.xcconfig"; sourceTree = "<group>"; };
/* End PBXFileReference section */

/* Begin PBXFrameworksBuildPhase section */
		71B48BCA1A51AFC500A37FF7 /* Frameworks */ = {
			isa = PBXFrameworksBuildPhase;
			buildActionMask = 2147483647;
			files = (
				7102C21A1A58081A0064D1FD /* CoreLocation.framework in Frameworks */,
				7126FFEB1A53184C0004EADF /* AssetsLibrary.framework in Frameworks */,
				7126FFE01A5308C10004EADF /* QuartzCore.framework in Frameworks */,
				7126FFDE1A5308BB0004EADF /* ImageIO.framework in Frameworks */,
				7126FFDC1A5308B30004EADF /* AVFoundation.framework in Frameworks */,
				7126FFDA1A5308AC0004EADF /* CoreMedia.framework in Frameworks */,
				7126FFD81A5308A30004EADF /* CoreVideo.framework in Frameworks */,
				E17C5A4207717D5F733C3EAF /* libPods-Sendish.a in Frameworks */,
			);
			runOnlyForDeploymentPostprocessing = 0;
		};
		71B48BE31A51AFC600A37FF7 /* Frameworks */ = {
			isa = PBXFrameworksBuildPhase;
			buildActionMask = 2147483647;
			files = (
			);
			runOnlyForDeploymentPostprocessing = 0;
		};
/* End PBXFrameworksBuildPhase section */

/* Begin PBXGroup section */
		7102C20A1A57E5290064D1FD /* LoaderView */ = {
			isa = PBXGroup;
			children = (
				7102C20B1A57E5290064D1FD /* loader.png */,
				7102C20C1A57E5290064D1FD /* LoaderView.h */,
				7102C20D1A57E5290064D1FD /* LoaderView.m */,
				7102C20E1A57E5290064D1FD /* LoaderView.xib */,
			);
			path = LoaderView;
			sourceTree = "<group>";
		};
		7102C2131A5807290064D1FD /* GetLocation Controller */ = {
			isa = PBXGroup;
			children = (
				7102C2141A58073D0064D1FD /* GetLcationViewController.h */,
				7102C2151A58073D0064D1FD /* GetLcationViewController.m */,
				7102C2161A58073D0064D1FD /* GetLcationViewController.xib */,
			);
			path = "GetLocation Controller";
			sourceTree = "<group>";
		};
		7102C21B1A580B7A0064D1FD /* Web Requests */ = {
			isa = PBXGroup;
			children = (
				71A7FF881A5B0A2400A10475 /* IOS Requests */,
				7135397F1A5AFA9600249630 /* User Account */,
			);
			path = "Web Requests";
			sourceTree = "<group>";
		};
		7102C2201A580BCF0064D1FD /* Nickname Controller */ = {
			isa = PBXGroup;
			children = (
				7102C2211A580BE30064D1FD /* NickNameViewController.h */,
				7102C2221A580BE30064D1FD /* NickNameViewController.m */,
				7102C2231A580BE30064D1FD /* NickNameViewController.xib */,
			);
			path = "Nickname Controller";
			sourceTree = "<group>";
		};
		7102C2261A58117F0064D1FD /* Share Controller */ = {
			isa = PBXGroup;
			children = (
				7102C2271A5811890064D1FD /* ShareViewController.h */,
				7102C2281A5811890064D1FD /* ShareViewController.m */,
				7102C2291A5811890064D1FD /* ShareViewController.xib */,
			);
			path = "Share Controller";
			sourceTree = "<group>";
		};
		7102C22C1A585D350064D1FD /* Tutorial Screens */ = {
			isa = PBXGroup;
			children = (
				711F960C1A59101E00BF7A06 /* TutorialViewController.h */,
				711F960D1A59101E00BF7A06 /* TutorialViewController.m */,
				711F960E1A59101E00BF7A06 /* TutorialViewController.xib */,
			);
			path = "Tutorial Screens";
			sourceTree = "<group>";
		};
		711F96111A59131400BF7A06 /* Assets */ = {
			isa = PBXGroup;
			children = (
				711F96121A59132100BF7A06 /* demoImage1.jpg */,
				711F96131A59132100BF7A06 /* demoImage2.jpg */,
			);
			path = Assets;
			sourceTree = "<group>";
		};
		7126FFC51A52FCDE0004EADF /* Received Sendish Controller */ = {
			isa = PBXGroup;
			children = (
				7126FFC61A52FE2F0004EADF /* ReceivedSendishViewController.h */,
				7126FFC71A52FE2F0004EADF /* ReceivedSendishViewController.m */,
				7126FFC81A52FE2F0004EADF /* ReceivedSendishViewController.xib */,
			);
			path = "Received Sendish Controller";
			sourceTree = "<group>";
		};
		7126FFCB1A52FE470004EADF /* Sent Sendish Controller */ = {
			isa = PBXGroup;
			children = (
				7126FFCC1A52FE530004EADF /* SentSendishViewController.h */,
				7126FFCD1A52FE530004EADF /* SentSendishViewController.m */,
				7126FFCE1A52FE530004EADF /* SentSendishViewController.xib */,
			);
			path = "Sent Sendish Controller";
			sourceTree = "<group>";
		};
		7126FFD11A5303850004EADF /* Take Sendish Controller */ = {
			isa = PBXGroup;
			children = (
				7126FFD21A5303970004EADF /* TakeSendishViewController.h */,
				7126FFD31A5303970004EADF /* TakeSendishViewController.m */,
				7126FFD41A5303970004EADF /* TakeSendishViewController.xib */,
			);
			path = "Take Sendish Controller";
			sourceTree = "<group>";
		};
		7126FFE11A5315FF0004EADF /* Third Library */ = {
			isa = PBXGroup;
			children = (
				713539831A5B038700249630 /* Base64 */,
				7126FFE61A53161B0004EADF /* ALAssetsLibrary_CustomPhotoAlbum */,
			);
			path = "Third Library";
			sourceTree = "<group>";
		};
		7126FFE61A53161B0004EADF /* ALAssetsLibrary_CustomPhotoAlbum */ = {
			isa = PBXGroup;
			children = (
				7126FFE71A53161B0004EADF /* ALAssetsLibrary+CustomPhotoAlbum.h */,
				7126FFE81A53161B0004EADF /* ALAssetsLibrary+CustomPhotoAlbum.m */,
			);
			path = ALAssetsLibrary_CustomPhotoAlbum;
			sourceTree = "<group>";
		};
		7135397F1A5AFA9600249630 /* User Account */ = {
			isa = PBXGroup;
			children = (
				713539801A5AFB3300249630 /* UserAccount.h */,
				713539811A5AFB3300249630 /* UserAccount.m */,
			);
			path = "User Account";
			sourceTree = "<group>";
		};
		713539831A5B038700249630 /* Base64 */ = {
			isa = PBXGroup;
			children = (
				713539841A5B038700249630 /* Base64.h */,
				713539851A5B038700249630 /* Base64.m */,
			);
			path = Base64;
			sourceTree = "<group>";
		};
		7158414C1A604962006AA95B /* Custom Cells */ = {
			isa = PBXGroup;
			children = (
				71FE62F91A628D9200725FC0 /* Received Sendish Cell */,
				7158414D1A6049A4006AA95B /* SidePanel Cell */,
			);
			path = "Custom Cells";
			sourceTree = "<group>";
		};
		7158414D1A6049A4006AA95B /* SidePanel Cell */ = {
			isa = PBXGroup;
			children = (
				7158414E1A6049BB006AA95B /* SidePanelTableViewCell.h */,
				7158414F1A6049BB006AA95B /* SidePanelTableViewCell.m */,
				715841501A6049BB006AA95B /* SidePanelTableViewCell.xib */,
			);
			path = "SidePanel Cell";
			sourceTree = "<group>";
		};
		716E304B1A559AC40007B44C /* Alert View */ = {
			isa = PBXGroup;
			children = (
				716E304C1A559B0D0007B44C /* AlertView.h */,
				716E304D1A559B0D0007B44C /* AlertView.m */,
			);
			path = "Alert View";
			sourceTree = "<group>";
		};
		716E304F1A559B1E0007B44C /* Constants */ = {
			isa = PBXGroup;
			children = (
				716E30501A559B2D0007B44C /* Constants.h */,
				711BA4E61A57D30300483C78 /* Colors.h */,
				7102C2121A5804B10064D1FD /* WebURLs.h */,
			);
			path = Constants;
			sourceTree = "<group>";
		};
		71A7FF881A5B0A2400A10475 /* IOS Requests */ = {
			isa = PBXGroup;
			children = (
				71A7FF891A5B0A2400A10475 /* IOSRequest.h */,
				71A7FF8A1A5B0A2400A10475 /* IOSRequest.m */,
			);
			path = "IOS Requests";
			sourceTree = "<group>";
		};
		71AAF36C1A5DAE1B0028B0B3 /* SidePanel Controller */ = {
			isa = PBXGroup;
			children = (
				71AAF36D1A5DAE310028B0B3 /* SidePanelViewController.h */,
				71AAF36E1A5DAE310028B0B3 /* SidePanelViewController.m */,
				71AAF36F1A5DAE310028B0B3 /* SidePanelViewController.xib */,
			);
			path = "SidePanel Controller";
			sourceTree = "<group>";
		};
		71B48BC41A51AFC500A37FF7 = {
			isa = PBXGroup;
			children = (
				7126FFEA1A53184C0004EADF /* AssetsLibrary.framework */,
				7126FFDF1A5308C10004EADF /* QuartzCore.framework */,
				7126FFDD1A5308BB0004EADF /* ImageIO.framework */,
				7126FFDB1A5308B30004EADF /* AVFoundation.framework */,
				7126FFD91A5308AC0004EADF /* CoreMedia.framework */,
				7126FFD71A5308A30004EADF /* CoreVideo.framework */,
				71B48BCF1A51AFC600A37FF7 /* Sendish */,
				71B48BE91A51AFC600A37FF7 /* SendishTests */,
				71B48BCE1A51AFC600A37FF7 /* Products */,
				BD43364F1DC66019585F7F03 /* Pods */,
				DE6A9C850FEE65B84FDE00F3 /* Frameworks */,
			);
			sourceTree = "<group>";
		};
		71B48BCE1A51AFC600A37FF7 /* Products */ = {
			isa = PBXGroup;
			children = (
				71B48BCD1A51AFC600A37FF7 /* Sendish.app */,
				71B48BE61A51AFC600A37FF7 /* SendishTests.xctest */,
			);
			name = Products;
			sourceTree = "<group>";
		};
		71B48BCF1A51AFC600A37FF7 /* Sendish */ = {
			isa = PBXGroup;
			children = (
				711F96111A59131400BF7A06 /* Assets */,
				7102C21B1A580B7A0064D1FD /* Web Requests */,
				716E304F1A559B1E0007B44C /* Constants */,
				7126FFE11A5315FF0004EADF /* Third Library */,
				71B48BFA1A51B16900A37FF7 /* MVC */,
				71B48BF61A51B04200A37FF7 /* App Delegate */,
				71B48BDD1A51AFC600A37FF7 /* Images.xcassets */,
				71B48BDF1A51AFC600A37FF7 /* LaunchScreen.xib */,
				71B48BD01A51AFC600A37FF7 /* Supporting Files */,
			);
			path = Sendish;
			sourceTree = "<group>";
		};
		71B48BD01A51AFC600A37FF7 /* Supporting Files */ = {
			isa = PBXGroup;
			children = (
				71B48BD11A51AFC600A37FF7 /* Info.plist */,
				71B48BD21A51AFC600A37FF7 /* main.m */,
			);
			name = "Supporting Files";
			sourceTree = "<group>";
		};
		71B48BE91A51AFC600A37FF7 /* SendishTests */ = {
			isa = PBXGroup;
			children = (
				71B48BEC1A51AFC600A37FF7 /* SendishTests.m */,
				71B48BEA1A51AFC600A37FF7 /* Supporting Files */,
			);
			path = SendishTests;
			sourceTree = "<group>";
		};
		71B48BEA1A51AFC600A37FF7 /* Supporting Files */ = {
			isa = PBXGroup;
			children = (
				71B48BEB1A51AFC600A37FF7 /* Info.plist */,
			);
			name = "Supporting Files";
			sourceTree = "<group>";
		};
		71B48BF61A51B04200A37FF7 /* App Delegate */ = {
			isa = PBXGroup;
			children = (
				71B48BF71A51B05300A37FF7 /* AppDelegate.h */,
				71B48BF81A51B05300A37FF7 /* AppDelegate.m */,
			);
			path = "App Delegate";
			sourceTree = "<group>";
		};
		71B48BFA1A51B16900A37FF7 /* MVC */ = {
			isa = PBXGroup;
			children = (
				71B48BFB1A51B18C00A37FF7 /* Modals */,
				71B48BFC1A51B19500A37FF7 /* Views */,
				71B48BFD1A51B1A100A37FF7 /* Controllers */,
			);
			path = MVC;
			sourceTree = "<group>";
		};
		71B48BFB1A51B18C00A37FF7 /* Modals */ = {
			isa = PBXGroup;
			children = (
			);
			path = Modals;
			sourceTree = "<group>";
		};
		71B48BFC1A51B19500A37FF7 /* Views */ = {
			isa = PBXGroup;
			children = (
				7158414C1A604962006AA95B /* Custom Cells */,
				7102C20A1A57E5290064D1FD /* LoaderView */,
				716E304B1A559AC40007B44C /* Alert View */,
				71B48C161A51BB1100A37FF7 /* Navigation View */,
			);
			path = Views;
			sourceTree = "<group>";
		};
		71B48BFD1A51B1A100A37FF7 /* Controllers */ = {
			isa = PBXGroup;
			children = (
				71AAF36C1A5DAE1B0028B0B3 /* SidePanel Controller */,
				7102C22C1A585D350064D1FD /* Tutorial Screens */,
				7102C2261A58117F0064D1FD /* Share Controller */,
				7102C2201A580BCF0064D1FD /* Nickname Controller */,
				7102C2131A5807290064D1FD /* GetLocation Controller */,
				7126FFD11A5303850004EADF /* Take Sendish Controller */,
				7126FFCB1A52FE470004EADF /* Sent Sendish Controller */,
				7126FFC51A52FCDE0004EADF /* Received Sendish Controller */,
				71B48C101A51BA9C00A37FF7 /* Main Controller */,
				71B48C0A1A51B7A700A37FF7 /* Login Controller */,
				71B48C041A51B6FB00A37FF7 /* Signup Controller */,
				71B48BFE1A51B2CF00A37FF7 /* Root Controller */,
			);
			path = Controllers;
			sourceTree = "<group>";
		};
		71B48BFE1A51B2CF00A37FF7 /* Root Controller */ = {
			isa = PBXGroup;
			children = (
				71B48BFF1A51B2E300A37FF7 /* RootViewController.h */,
				71B48C001A51B2E300A37FF7 /* RootViewController.m */,
				71B48C011A51B2E300A37FF7 /* RootViewController.xib */,
			);
			path = "Root Controller";
			sourceTree = "<group>";
		};
		71B48C041A51B6FB00A37FF7 /* Signup Controller */ = {
			isa = PBXGroup;
			children = (
				71B48C051A51B77700A37FF7 /* SignupViewController.h */,
				71B48C061A51B77700A37FF7 /* SignupViewController.m */,
				71B48C071A51B77700A37FF7 /* SignupViewController.xib */,
			);
			path = "Signup Controller";
			sourceTree = "<group>";
		};
		71B48C0A1A51B7A700A37FF7 /* Login Controller */ = {
			isa = PBXGroup;
			children = (
				71B48C0B1A51B85300A37FF7 /* LoginViewController.h */,
				71B48C0C1A51B85300A37FF7 /* LoginViewController.m */,
				71B48C0D1A51B85300A37FF7 /* LoginViewController.xib */,
			);
			path = "Login Controller";
			sourceTree = "<group>";
		};
		71B48C101A51BA9C00A37FF7 /* Main Controller */ = {
			isa = PBXGroup;
			children = (
				71B48C111A51BADA00A37FF7 /* MainViewController.h */,
				71B48C121A51BADA00A37FF7 /* MainViewController.m */,
				71B48C131A51BADA00A37FF7 /* MainViewController.xib */,
			);
			path = "Main Controller";
			sourceTree = "<group>";
		};
		71B48C161A51BB1100A37FF7 /* Navigation View */ = {
			isa = PBXGroup;
			children = (
				71B48C171A51BD0E00A37FF7 /* NavigationView.h */,
				71B48C181A51BD0E00A37FF7 /* NavigationView.m */,
				71B48C1A1A51BD2400A37FF7 /* NavigationView.xib */,
			);
			path = "Navigation View";
			sourceTree = "<group>";
		};
		71FE62F91A628D9200725FC0 /* Received Sendish Cell */ = {
			isa = PBXGroup;
			children = (
				71FE62FA1A628D9200725FC0 /* ReceivedSendishTableViewCell.h */,
				71FE62FB1A628D9200725FC0 /* ReceivedSendishTableViewCell.m */,
				71FE62FC1A628D9200725FC0 /* ReceivedSendishTableViewCell.xib */,
			);
			path = "Received Sendish Cell";
			sourceTree = "<group>";
		};
		BD43364F1DC66019585F7F03 /* Pods */ = {
			isa = PBXGroup;
			children = (
				E26489F450B5373BAD32CBDD /* Pods-Sendish.debug.xcconfig */,
				0CA270C94336AC9E84EABD58 /* Pods-Sendish.release.xcconfig */,
			);
			name = Pods;
			sourceTree = "<group>";
		};
		DE6A9C850FEE65B84FDE00F3 /* Frameworks */ = {
			isa = PBXGroup;
			children = (
				7102C2191A58081A0064D1FD /* CoreLocation.framework */,
				7102C2081A57E0240064D1FD /* libPods-Sendish-Facebook-iOS-SDK.a */,
				CBA1E61305469F857C3AD02C /* libPods-Sendish.a */,
			);
			name = Frameworks;
			sourceTree = "<group>";
		};
/* End PBXGroup section */

/* Begin PBXNativeTarget section */
		71B48BCC1A51AFC500A37FF7 /* Sendish */ = {
			isa = PBXNativeTarget;
			buildConfigurationList = 71B48BF01A51AFC600A37FF7 /* Build configuration list for PBXNativeTarget "Sendish" */;
			buildPhases = (
				A912BF129C377B17500BAD4A /* Check Pods Manifest.lock */,
				71B48BC91A51AFC500A37FF7 /* Sources */,
				71B48BCA1A51AFC500A37FF7 /* Frameworks */,
				71B48BCB1A51AFC500A37FF7 /* Resources */,
				665C3953BD393EB8B3B021EC /* Copy Pods Resources */,
			);
			buildRules = (
			);
			dependencies = (
			);
			name = Sendish;
			productName = Sendish;
			productReference = 71B48BCD1A51AFC600A37FF7 /* Sendish.app */;
			productType = "com.apple.product-type.application";
		};
		71B48BE51A51AFC600A37FF7 /* SendishTests */ = {
			isa = PBXNativeTarget;
			buildConfigurationList = 71B48BF31A51AFC600A37FF7 /* Build configuration list for PBXNativeTarget "SendishTests" */;
			buildPhases = (
				71B48BE21A51AFC600A37FF7 /* Sources */,
				71B48BE31A51AFC600A37FF7 /* Frameworks */,
				71B48BE41A51AFC600A37FF7 /* Resources */,
			);
			buildRules = (
			);
			dependencies = (
				71B48BE81A51AFC600A37FF7 /* PBXTargetDependency */,
			);
			name = SendishTests;
			productName = SendishTests;
			productReference = 71B48BE61A51AFC600A37FF7 /* SendishTests.xctest */;
			productType = "com.apple.product-type.bundle.unit-test";
		};
/* End PBXNativeTarget section */

/* Begin PBXProject section */
		71B48BC51A51AFC500A37FF7 /* Project object */ = {
			isa = PBXProject;
			attributes = {
				LastUpgradeCheck = 0600;
				ORGANIZATIONNAME = "Rajat Sharma";
				TargetAttributes = {
					71B48BCC1A51AFC500A37FF7 = {
						CreatedOnToolsVersion = 6.0;
						DevelopmentTeam = D39HJ7PPHN;
					};
					71B48BE51A51AFC600A37FF7 = {
						CreatedOnToolsVersion = 6.0;
						TestTargetID = 71B48BCC1A51AFC500A37FF7;
					};
				};
			};
			buildConfigurationList = 71B48BC81A51AFC500A37FF7 /* Build configuration list for PBXProject "Sendish" */;
			compatibilityVersion = "Xcode 3.2";
			developmentRegion = English;
			hasScannedForEncodings = 0;
			knownRegions = (
				en,
				Base,
			);
			mainGroup = 71B48BC41A51AFC500A37FF7;
			productRefGroup = 71B48BCE1A51AFC600A37FF7 /* Products */;
			projectDirPath = "";
			projectRoot = "";
			targets = (
				71B48BCC1A51AFC500A37FF7 /* Sendish */,
				71B48BE51A51AFC600A37FF7 /* SendishTests */,
			);
		};
/* End PBXProject section */

/* Begin PBXResourcesBuildPhase section */
		71B48BCB1A51AFC500A37FF7 /* Resources */ = {
			isa = PBXResourcesBuildPhase;
			buildActionMask = 2147483647;
			files = (
				71AAF3711A5DAE310028B0B3 /* SidePanelViewController.xib in Resources */,
				71B48C0F1A51B85300A37FF7 /* LoginViewController.xib in Resources */,
				7102C2111A57E5290064D1FD /* LoaderView.xib in Resources */,
				71B48C151A51BADA00A37FF7 /* MainViewController.xib in Resources */,
				7126FFCA1A52FE2F0004EADF /* ReceivedSendishViewController.xib in Resources */,
				7102C2251A580BE30064D1FD /* NickNameViewController.xib in Resources */,
				71B48BE11A51AFC600A37FF7 /* LaunchScreen.xib in Resources */,
				71B48BDE1A51AFC600A37FF7 /* Images.xcassets in Resources */,
				71B48C091A51B77700A37FF7 /* SignupViewController.xib in Resources */,
				711F96141A59132100BF7A06 /* demoImage1.jpg in Resources */,
				7102C2181A58073D0064D1FD /* GetLcationViewController.xib in Resources */,
				715841521A6049BB006AA95B /* SidePanelTableViewCell.xib in Resources */,
				71B48C031A51B2E300A37FF7 /* RootViewController.xib in Resources */,
				7102C22B1A5811890064D1FD /* ShareViewController.xib in Resources */,
				71B48C1B1A51BD2400A37FF7 /* NavigationView.xib in Resources */,
				7126FFD61A5303970004EADF /* TakeSendishViewController.xib in Resources */,
				7126FFD01A52FE530004EADF /* SentSendishViewController.xib in Resources */,
				711F96151A59132100BF7A06 /* demoImage2.jpg in Resources */,
				71FE62FE1A628D9200725FC0 /* ReceivedSendishTableViewCell.xib in Resources */,
				711F96101A59101E00BF7A06 /* TutorialViewController.xib in Resources */,
				7102C20F1A57E5290064D1FD /* loader.png in Resources */,
			);
			runOnlyForDeploymentPostprocessing = 0;
		};
		71B48BE41A51AFC600A37FF7 /* Resources */ = {
			isa = PBXResourcesBuildPhase;
			buildActionMask = 2147483647;
			files = (
			);
			runOnlyForDeploymentPostprocessing = 0;
		};
/* End PBXResourcesBuildPhase section */

/* Begin PBXShellScriptBuildPhase section */
		665C3953BD393EB8B3B021EC /* Copy Pods Resources */ = {
			isa = PBXShellScriptBuildPhase;
			buildActionMask = 2147483647;
			files = (
			);
			inputPaths = (
			);
			name = "Copy Pods Resources";
			outputPaths = (
			);
			runOnlyForDeploymentPostprocessing = 0;
			shellPath = /bin/sh;
			shellScript = "\"${SRCROOT}/Pods/Target Support Files/Pods-Sendish/Pods-Sendish-resources.sh\"\n";
			showEnvVarsInLog = 0;
		};
		A912BF129C377B17500BAD4A /* Check Pods Manifest.lock */ = {
			isa = PBXShellScriptBuildPhase;
			buildActionMask = 2147483647;
			files = (
			);
			inputPaths = (
			);
			name = "Check Pods Manifest.lock";
			outputPaths = (
			);
			runOnlyForDeploymentPostprocessing = 0;
			shellPath = /bin/sh;
			shellScript = "diff \"${PODS_ROOT}/../Podfile.lock\" \"${PODS_ROOT}/Manifest.lock\" > /dev/null\nif [[ $? != 0 ]] ; then\n    cat << EOM\nerror: The sandbox is not in sync with the Podfile.lock. Run 'pod install' or update your CocoaPods installation.\nEOM\n    exit 1\nfi\n";
			showEnvVarsInLog = 0;
		};
/* End PBXShellScriptBuildPhase section */

/* Begin PBXSourcesBuildPhase section */
		71B48BC91A51AFC500A37FF7 /* Sources */ = {
			isa = PBXSourcesBuildPhase;
			buildActionMask = 2147483647;
			files = (
				71B48BF91A51B05300A37FF7 /* AppDelegate.m in Sources */,
				71FE62FD1A628D9200725FC0 /* ReceivedSendishTableViewCell.m in Sources */,
				7126FFCF1A52FE530004EADF /* SentSendishViewController.m in Sources */,
				711F960F1A59101E00BF7A06 /* TutorialViewController.m in Sources */,
				7126FFE91A53161B0004EADF /* ALAssetsLibrary+CustomPhotoAlbum.m in Sources */,
				713539821A5AFB3300249630 /* UserAccount.m in Sources */,
				71B48C191A51BD0E00A37FF7 /* NavigationView.m in Sources */,
				71B48C141A51BADA00A37FF7 /* MainViewController.m in Sources */,
				71B48BD31A51AFC600A37FF7 /* main.m in Sources */,
				71B48C081A51B77700A37FF7 /* SignupViewController.m in Sources */,
				71AAF3701A5DAE310028B0B3 /* SidePanelViewController.m in Sources */,
				713539861A5B038700249630 /* Base64.m in Sources */,
				715841511A6049BB006AA95B /* SidePanelTableViewCell.m in Sources */,
				71B48C021A51B2E300A37FF7 /* RootViewController.m in Sources */,
				7102C2241A580BE30064D1FD /* NickNameViewController.m in Sources */,
				7102C2101A57E5290064D1FD /* LoaderView.m in Sources */,
				7126FFC91A52FE2F0004EADF /* ReceivedSendishViewController.m in Sources */,
				716E304E1A559B0D0007B44C /* AlertView.m in Sources */,
				7126FFD51A5303970004EADF /* TakeSendishViewController.m in Sources */,
				7102C2171A58073D0064D1FD /* GetLcationViewController.m in Sources */,
				7102C22A1A5811890064D1FD /* ShareViewController.m in Sources */,
				71B48C0E1A51B85300A37FF7 /* LoginViewController.m in Sources */,
				71A7FF8B1A5B0A2400A10475 /* IOSRequest.m in Sources */,
			);
			runOnlyForDeploymentPostprocessing = 0;
		};
		71B48BE21A51AFC600A37FF7 /* Sources */ = {
			isa = PBXSourcesBuildPhase;
			buildActionMask = 2147483647;
			files = (
				71B48BED1A51AFC600A37FF7 /* SendishTests.m in Sources */,
			);
			runOnlyForDeploymentPostprocessing = 0;
		};
/* End PBXSourcesBuildPhase section */

/* Begin PBXTargetDependency section */
		71B48BE81A51AFC600A37FF7 /* PBXTargetDependency */ = {
			isa = PBXTargetDependency;
			target = 71B48BCC1A51AFC500A37FF7 /* Sendish */;
			targetProxy = 71B48BE71A51AFC600A37FF7 /* PBXContainerItemProxy */;
		};
/* End PBXTargetDependency section */

/* Begin PBXVariantGroup section */
		71B48BDF1A51AFC600A37FF7 /* LaunchScreen.xib */ = {
			isa = PBXVariantGroup;
			children = (
				71B48BE01A51AFC600A37FF7 /* Base */,
			);
			name = LaunchScreen.xib;
			sourceTree = "<group>";
		};
/* End PBXVariantGroup section */

/* Begin XCBuildConfiguration section */
		71B48BEE1A51AFC600A37FF7 /* Debug */ = {
			isa = XCBuildConfiguration;
			buildSettings = {
				ALWAYS_SEARCH_USER_PATHS = NO;
				CLANG_CXX_LANGUAGE_STANDARD = "gnu++0x";
				CLANG_CXX_LIBRARY = "libc++";
				CLANG_ENABLE_MODULES = YES;
				CLANG_ENABLE_OBJC_ARC = YES;
				CLANG_WARN_BOOL_CONVERSION = YES;
				CLANG_WARN_CONSTANT_CONVERSION = YES;
				CLANG_WARN_DIRECT_OBJC_ISA_USAGE = YES_ERROR;
				CLANG_WARN_EMPTY_BODY = YES;
				CLANG_WARN_ENUM_CONVERSION = YES;
				CLANG_WARN_INT_CONVERSION = YES;
				CLANG_WARN_OBJC_ROOT_CLASS = YES_ERROR;
				CLANG_WARN_UNREACHABLE_CODE = YES;
				CLANG_WARN__DUPLICATE_METHOD_MATCH = YES;
				"CODE_SIGN_IDENTITY[sdk=iphoneos*]" = "iPhone Developer";
				COPY_PHASE_STRIP = NO;
				ENABLE_STRICT_OBJC_MSGSEND = YES;
				GCC_C_LANGUAGE_STANDARD = gnu99;
				GCC_DYNAMIC_NO_PIC = NO;
				GCC_OPTIMIZATION_LEVEL = 0;
				GCC_PREPROCESSOR_DEFINITIONS = (
					"DEBUG=1",
					"$(inherited)",
				);
				GCC_SYMBOLS_PRIVATE_EXTERN = NO;
				GCC_WARN_64_TO_32_BIT_CONVERSION = YES;
				GCC_WARN_ABOUT_RETURN_TYPE = YES_ERROR;
				GCC_WARN_UNDECLARED_SELECTOR = YES;
				GCC_WARN_UNINITIALIZED_AUTOS = YES_AGGRESSIVE;
				GCC_WARN_UNUSED_FUNCTION = YES;
				GCC_WARN_UNUSED_VARIABLE = YES;
				IPHONEOS_DEPLOYMENT_TARGET = 7.0;
				MTL_ENABLE_DEBUG_INFO = YES;
				ONLY_ACTIVE_ARCH = YES;
				PROVISIONING_PROFILE = "8c37cca6-3c13-42d6-b159-fed4553a88d0";
				SDKROOT = iphoneos;
				TARGETED_DEVICE_FAMILY = "1,2";
			};
			name = Debug;
		};
		71B48BEF1A51AFC600A37FF7 /* Release */ = {
			isa = XCBuildConfiguration;
			buildSettings = {
				ALWAYS_SEARCH_USER_PATHS = NO;
				CLANG_CXX_LANGUAGE_STANDARD = "gnu++0x";
				CLANG_CXX_LIBRARY = "libc++";
				CLANG_ENABLE_MODULES = YES;
				CLANG_ENABLE_OBJC_ARC = YES;
				CLANG_WARN_BOOL_CONVERSION = YES;
				CLANG_WARN_CONSTANT_CONVERSION = YES;
				CLANG_WARN_DIRECT_OBJC_ISA_USAGE = YES_ERROR;
				CLANG_WARN_EMPTY_BODY = YES;
				CLANG_WARN_ENUM_CONVERSION = YES;
				CLANG_WARN_INT_CONVERSION = YES;
				CLANG_WARN_OBJC_ROOT_CLASS = YES_ERROR;
				CLANG_WARN_UNREACHABLE_CODE = YES;
				CLANG_WARN__DUPLICATE_METHOD_MATCH = YES;
				"CODE_SIGN_IDENTITY[sdk=iphoneos*]" = "iPhone Developer";
				COPY_PHASE_STRIP = YES;
				ENABLE_NS_ASSERTIONS = NO;
				ENABLE_STRICT_OBJC_MSGSEND = YES;
				GCC_C_LANGUAGE_STANDARD = gnu99;
				GCC_WARN_64_TO_32_BIT_CONVERSION = YES;
				GCC_WARN_ABOUT_RETURN_TYPE = YES_ERROR;
				GCC_WARN_UNDECLARED_SELECTOR = YES;
				GCC_WARN_UNINITIALIZED_AUTOS = YES_AGGRESSIVE;
				GCC_WARN_UNUSED_FUNCTION = YES;
				GCC_WARN_UNUSED_VARIABLE = YES;
				IPHONEOS_DEPLOYMENT_TARGET = 7.0;
				MTL_ENABLE_DEBUG_INFO = NO;
				PROVISIONING_PROFILE = "8c37cca6-3c13-42d6-b159-fed4553a88d0";
				SDKROOT = iphoneos;
				TARGETED_DEVICE_FAMILY = "1,2";
				VALIDATE_PRODUCT = YES;
			};
			name = Release;
		};
		71B48BF11A51AFC600A37FF7 /* Debug */ = {
			isa = XCBuildConfiguration;
			baseConfigurationReference = E26489F450B5373BAD32CBDD /* Pods-Sendish.debug.xcconfig */;
			buildSettings = {
				ASSETCATALOG_COMPILER_APPICON_NAME = AppIcon;
				CODE_SIGN_IDENTITY = "iPhone Distribution: FELIX MEDIA j.d.o.o. (D39HJ7PPHN)";
				"CODE_SIGN_IDENTITY[sdk=iphoneos*]" = "iPhone Distribution: FELIX MEDIA j.d.o.o. (D39HJ7PPHN)";
				FRAMEWORK_SEARCH_PATHS = (
					"$(inherited)",
					"$(PROJECT_DIR)/Sendish/Web",
					"Requests/sendish-ios/Sendish/Classes/lib",
				);
				INFOPLIST_FILE = Sendish/Info.plist;
				IPHONEOS_DEPLOYMENT_TARGET = 7.0;
				LD_RUNPATH_SEARCH_PATHS = "$(inherited) @executable_path/Frameworks";
				LIBRARY_SEARCH_PATHS = (
					"$(inherited)",
					"$(PROJECT_DIR)/Pods/build/Debug-iphoneos",
				);
				PRODUCT_NAME = "$(TARGET_NAME)";
				PROVISIONING_PROFILE = "8c37cca6-3c13-42d6-b159-fed4553a88d0";
				TARGETED_DEVICE_FAMILY = 1;
			};
			name = Debug;
		};
		71B48BF21A51AFC600A37FF7 /* Release */ = {
			isa = XCBuildConfiguration;
			baseConfigurationReference = 0CA270C94336AC9E84EABD58 /* Pods-Sendish.release.xcconfig */;
			buildSettings = {
				ASSETCATALOG_COMPILER_APPICON_NAME = AppIcon;
				CODE_SIGN_IDENTITY = "iPhone Distribution: FELIX MEDIA j.d.o.o. (D39HJ7PPHN)";
				"CODE_SIGN_IDENTITY[sdk=iphoneos*]" = "iPhone Distribution: FELIX MEDIA j.d.o.o. (D39HJ7PPHN)";
				FRAMEWORK_SEARCH_PATHS = (
					"$(inherited)",
					"$(PROJECT_DIR)/Sendish/Web",
					"Requests/sendish-ios/Sendish/Classes/lib",
				);
				INFOPLIST_FILE = Sendish/Info.plist;
				IPHONEOS_DEPLOYMENT_TARGET = 7.0;
				LD_RUNPATH_SEARCH_PATHS = "$(inherited) @executable_path/Frameworks";
				LIBRARY_SEARCH_PATHS = (
					"$(inherited)",
					"$(PROJECT_DIR)/Pods/build/Debug-iphoneos",
				);
				PRODUCT_NAME = "$(TARGET_NAME)";
				PROVISIONING_PROFILE = "8c37cca6-3c13-42d6-b159-fed4553a88d0";
				TARGETED_DEVICE_FAMILY = 1;
			};
			name = Release;
		};
		71B48BF41A51AFC600A37FF7 /* Debug */ = {
			isa = XCBuildConfiguration;
			buildSettings = {
				BUNDLE_LOADER = "$(TEST_HOST)";
				FRAMEWORK_SEARCH_PATHS = (
					"$(SDKROOT)/Developer/Library/Frameworks",
					"$(inherited)",
				);
				GCC_PREPROCESSOR_DEFINITIONS = (
					"DEBUG=1",
					"$(inherited)",
				);
				INFOPLIST_FILE = SendishTests/Info.plist;
				LD_RUNPATH_SEARCH_PATHS = "$(inherited) @executable_path/Frameworks @loader_path/Frameworks";
				PRODUCT_NAME = "$(TARGET_NAME)";
				TEST_HOST = "$(BUILT_PRODUCTS_DIR)/Sendish.app/Sendish";
			};
			name = Debug;
		};
		71B48BF51A51AFC600A37FF7 /* Release */ = {
			isa = XCBuildConfiguration;
			buildSettings = {
				BUNDLE_LOADER = "$(TEST_HOST)";
				FRAMEWORK_SEARCH_PATHS = (
					"$(SDKROOT)/Developer/Library/Frameworks",
					"$(inherited)",
				);
				INFOPLIST_FILE = SendishTests/Info.plist;
				LD_RUNPATH_SEARCH_PATHS = "$(inherited) @executable_path/Frameworks @loader_path/Frameworks";
				PRODUCT_NAME = "$(TARGET_NAME)";
				TEST_HOST = "$(BUILT_PRODUCTS_DIR)/Sendish.app/Sendish";
			};
			name = Release;
		};
/* End XCBuildConfiguration section */

/* Begin XCConfigurationList section */
		71B48BC81A51AFC500A37FF7 /* Build configuration list for PBXProject "Sendish" */ = {
			isa = XCConfigurationList;
			buildConfigurations = (
				71B48BEE1A51AFC600A37FF7 /* Debug */,
				71B48BEF1A51AFC600A37FF7 /* Release */,
			);
			defaultConfigurationIsVisible = 0;
			defaultConfigurationName = Release;
		};
		71B48BF01A51AFC600A37FF7 /* Build configuration list for PBXNativeTarget "Sendish" */ = {
			isa = XCConfigurationList;
			buildConfigurations = (
				71B48BF11A51AFC600A37FF7 /* Debug */,
				71B48BF21A51AFC600A37FF7 /* Release */,
			);
			defaultConfigurationIsVisible = 0;
			defaultConfigurationName = Release;
		};
		71B48BF31A51AFC600A37FF7 /* Build configuration list for PBXNativeTarget "SendishTests" */ = {
			isa = XCConfigurationList;
			buildConfigurations = (
				71B48BF41A51AFC600A37FF7 /* Debug */,
				71B48BF51A51AFC600A37FF7 /* Release */,
			);
			defaultConfigurationIsVisible = 0;
			defaultConfigurationName = Release;
		};
/* End XCConfigurationList section */
	};
	rootObject = 71B48BC51A51AFC500A37FF7 /* Project object */;
}
